// !$*UTF8*$!
{
	archiveVersion = 1;
	classes = {
	};
	objectVersion = 46;
	objects = {

/* Begin PBXBuildFile section */
		6E7C87B92DAE5E73000D3393 /* moon10_90x90@2x.png in Resources */ = {isa = PBXBuildFile; fileRef = 6E7C87462DAE5E73000D3393 /* moon10_90x90@2x.png */; };
		6E7C87BA2DAE5E73000D3393 /* moon23@2x.png in Resources */ = {isa = PBXBuildFile; fileRef = 6E7C87882DAE5E73000D3393 /* moon23@2x.png */; };
		6E7C87BB2DAE5E73000D3393 /* moon23_90x90.png in Resources */ = {isa = PBXBuildFile; fileRef = 6E7C87862DAE5E73000D3393 /* moon23_90x90.png */; };
		6E7C87BC2DAE5E73000D3393 /* moon25_90x90.png in Resources */ = {isa = PBXBuildFile; fileRef = 6E7C87902DAE5E73000D3393 /* moon25_90x90.png */; };
		6E7C87BD2DAE5E73000D3393 /* moon12@2x.png in Resources */ = {isa = PBXBuildFile; fileRef = 6E7C87512DAE5E73000D3393 /* moon12@2x.png */; };
		6E7C87BE2DAE5E73000D3393 /* moon9.png in Resources */ = {isa = PBXBuildFile; fileRef = 6E7C873F2DAE5E73000D3393 /* moon9.png */; };
		6E7C87BF2DAE5E73000D3393 /* moon22_90x90.png in Resources */ = {isa = PBXBuildFile; fileRef = 6E7C87812DAE5E73000D3393 /* moon22_90x90.png */; };
		6E7C87C02DAE5E73000D3393 /* moon6@3x.png in Resources */ = {isa = PBXBuildFile; fileRef = 6E7C87342DAE5E73000D3393 /* moon6@3x.png */; };
		6E7C87C12DAE5E73000D3393 /* moon14.png in Resources */ = {isa = PBXBuildFile; fileRef = 6E7C87582DAE5E73000D3393 /* moon14.png */; };
		6E7C87C22DAE5E73000D3393 /* moon11@3x.png in Resources */ = {isa = PBXBuildFile; fileRef = 6E7C874D2DAE5E73000D3393 /* moon11@3x.png */; };
		6E7C87C32DAE5E73000D3393 /* moon29.png in Resources */ = {isa = PBXBuildFile; fileRef = 6E7C87A62DAE5E73000D3393 /* moon29.png */; };
		6E7C87C42DAE5E73000D3393 /* moon21_90x90@2x.png in Resources */ = {isa = PBXBuildFile; fileRef = 6E7C877D2DAE5E73000D3393 /* moon21_90x90@2x.png */; };
		6E7C87C52DAE5E73000D3393 /* moon13@2x.png in Resources */ = {isa = PBXBuildFile; fileRef = 6E7C87562DAE5E73000D3393 /* moon13@2x.png */; };
		6E7C87C62DAE5E73000D3393 /* moon13.png in Resources */ = {isa = PBXBuildFile; fileRef = 6E7C87532DAE5E73000D3393 /* moon13.png */; };
		6E7C87C72DAE5E73000D3393 /* moon26-2@2x.png in Resources */ = {isa = PBXBuildFile; fileRef = 6E7C87982DAE5E73000D3393 /* moon26-2@2x.png */; };
		6E7C87C82DAE5E73000D3393 /* moon27@3x.png in Resources */ = {isa = PBXBuildFile; fileRef = 6E7C87A02DAE5E73000D3393 /* moon27@3x.png */; };
		6E7C87C92DAE5E73000D3393 /* moon2_90x90.png in Resources */ = {isa = PBXBuildFile; fileRef = 6E7C871D2DAE5E73000D3393 /* moon2_90x90.png */; };
		6E7C87CA2DAE5E73000D3393 /* moon22_90x90@2x.png in Resources */ = {isa = PBXBuildFile; fileRef = 6E7C87822DAE5E73000D3393 /* moon22_90x90@2x.png */; };
		6E7C87CB2DAE5E73000D3393 /* moon28_90x90@2x.png in Resources */ = {isa = PBXBuildFile; fileRef = 6E7C87A32DAE5E73000D3393 /* moon28_90x90@2x.png */; };
		6E7C87CC2DAE5E73000D3393 /* moon23.png in Resources */ = {isa = PBXBuildFile; fileRef = 6E7C87852DAE5E73000D3393 /* moon23.png */; };
		6E7C87CD2DAE5E73000D3393 /* moon9@3x.png in Resources */ = {isa = PBXBuildFile; fileRef = 6E7C87432DAE5E73000D3393 /* moon9@3x.png */; };
		6E7C87CE2DAE5E73000D3393 /* moon24@3x.png in Resources */ = {isa = PBXBuildFile; fileRef = 6E7C878E2DAE5E73000D3393 /* moon24@3x.png */; };
		6E7C87CF2DAE5E73000D3393 /* moon7@2x.png in Resources */ = {isa = PBXBuildFile; fileRef = 6E7C87382DAE5E73000D3393 /* moon7@2x.png */; };
		6E7C87D02DAE5E73000D3393 /* moon8.png in Resources */ = {isa = PBXBuildFile; fileRef = 6E7C873A2DAE5E73000D3393 /* moon8.png */; };
		6E7C87D12DAE5E73000D3393 /* moon15_90x90.png in Resources */ = {isa = PBXBuildFile; fileRef = 6E7C875E2DAE5E73000D3393 /* moon15_90x90.png */; };
		6E7C87D22DAE5E73000D3393 /* Images.xcassets in Resources */ = {isa = PBXBuildFile; fileRef = 6E7C87132DAE5E73000D3393 /* Images.xcassets */; };
		6E7C87D32DAE5E73000D3393 /* moon5_90x90@2x.png in Resources */ = {isa = PBXBuildFile; fileRef = 6E7C872D2DAE5E73000D3393 /* moon5_90x90@2x.png */; };
		6E7C87D42DAE5E73000D3393 /* moon8@2x.png in Resources */ = {isa = PBXBuildFile; fileRef = 6E7C873D2DAE5E73000D3393 /* moon8@2x.png */; };
		6E7C87D52DAE5E73000D3393 /* moon1@3x.png in Resources */ = {isa = PBXBuildFile; fileRef = 6E7C871B2DAE5E73000D3393 /* moon1@3x.png */; };
		6E7C87D62DAE5E73000D3393 /* moon5@3x.png in Resources */ = {isa = PBXBuildFile; fileRef = 6E7C872F2DAE5E73000D3393 /* moon5@3x.png */; };
		6E7C87D72DAE5E73000D3393 /* moon14_90x90@2x.png in Resources */ = {isa = PBXBuildFile; fileRef = 6E7C875A2DAE5E73000D3393 /* moon14_90x90@2x.png */; };
		6E7C87D82DAE5E73000D3393 /* moon22@3x.png in Resources */ = {isa = PBXBuildFile; fileRef = 6E7C87842DAE5E73000D3393 /* moon22@3x.png */; };
		6E7C87D92DAE5E73000D3393 /* moon3@2x.png in Resources */ = {isa = PBXBuildFile; fileRef = 6E7C87242DAE5E73000D3393 /* moon3@2x.png */; };
		6E7C87DA2DAE5E73000D3393 /* moon3_90x90@2x.png in Resources */ = {isa = PBXBuildFile; fileRef = 6E7C87232DAE5E73000D3393 /* moon3_90x90@2x.png */; };
		6E7C87DB2DAE5E73000D3393 /* moon26_90x90.png in Resources */ = {isa = PBXBuildFile; fileRef = 6E7C87952DAE5E73000D3393 /* moon26_90x90.png */; };
		6E7C87DC2DAE5E73000D3393 /* moon23@3x.png in Resources */ = {isa = PBXBuildFile; fileRef = 6E7C87892DAE5E73000D3393 /* moon23@3x.png */; };
		6E7C87DD2DAE5E73000D3393 /* moon11.png in Resources */ = {isa = PBXBuildFile; fileRef = 6E7C87492DAE5E73000D3393 /* moon11.png */; };
		6E7C87DE2DAE5E73000D3393 /* moon2_90x90@2x.png in Resources */ = {isa = PBXBuildFile; fileRef = 6E7C871E2DAE5E73000D3393 /* moon2_90x90@2x.png */; };
		6E7C87DF2DAE5E73000D3393 /* moon2.png in Resources */ = {isa = PBXBuildFile; fileRef = 6E7C871C2DAE5E73000D3393 /* moon2.png */; };
		6E7C87E02DAE5E73000D3393 /* moon27_90x90.png in Resources */ = {isa = PBXBuildFile; fileRef = 6E7C879D2DAE5E73000D3393 /* moon27_90x90.png */; };
		6E7C87E12DAE5E73000D3393 /* moon27_90x90@2x.png in Resources */ = {isa = PBXBuildFile; fileRef = 6E7C879E2DAE5E73000D3393 /* moon27_90x90@2x.png */; };
		6E7C87E22DAE5E73000D3393 /* moon15@3x.png in Resources */ = {isa = PBXBuildFile; fileRef = 6E7C87612DAE5E73000D3393 /* moon15@3x.png */; };
		6E7C87E32DAE5E73000D3393 /* moon21@3x.png in Resources */ = {isa = PBXBuildFile; fileRef = 6E7C877F2DAE5E73000D3393 /* moon21@3x.png */; };
		6E7C87E42DAE5E73000D3393 /* moon27@2x.png in Resources */ = {isa = PBXBuildFile; fileRef = 6E7C879F2DAE5E73000D3393 /* moon27@2x.png */; };
		6E7C87E52DAE5E73000D3393 /* moon3.png in Resources */ = {isa = PBXBuildFile; fileRef = 6E7C87212DAE5E73000D3393 /* moon3.png */; };
		6E7C87E62DAE5E73000D3393 /* moon10@3x.png in Resources */ = {isa = PBXBuildFile; fileRef = 6E7C87482DAE5E73000D3393 /* moon10@3x.png */; };
		6E7C87E72DAE5E73000D3393 /* moon7_90x90@2x.png in Resources */ = {isa = PBXBuildFile; fileRef = 6E7C87372DAE5E73000D3393 /* moon7_90x90@2x.png */; };
		6E7C87E82DAE5E73000D3393 /* moon11@2x.png in Resources */ = {isa = PBXBuildFile; fileRef = 6E7C874C2DAE5E73000D3393 /* moon11@2x.png */; };
		6E7C87E92DAE5E73000D3393 /* moon26-2@3x.png in Resources */ = {isa = PBXBuildFile; fileRef = 6E7C87992DAE5E73000D3393 /* moon26-2@3x.png */; };
		6E7C87EA2DAE5E73000D3393 /* moon4.png in Resources */ = {isa = PBXBuildFile; fileRef = 6E7C87262DAE5E73000D3393 /* moon4.png */; };
		6E7C87EB2DAE5E73000D3393 /* moon4@2x.png in Resources */ = {isa = PBXBuildFile; fileRef = 6E7C87292DAE5E73000D3393 /* moon4@2x.png */; };
		6E7C87EC2DAE5E73000D3393 /* moon26.png in Resources */ = {isa = PBXBuildFile; fileRef = 6E7C87942DAE5E73000D3393 /* moon26.png */; };
		6E7C87ED2DAE5E73000D3393 /* moon14_90x90.png in Resources */ = {isa = PBXBuildFile; fileRef = 6E7C87592DAE5E73000D3393 /* moon14_90x90.png */; };
		6E7C87EE2DAE5E73000D3393 /* moon6.png in Resources */ = {isa = PBXBuildFile; fileRef = 6E7C87302DAE5E73000D3393 /* moon6.png */; };
		6E7C87EF2DAE5E73000D3393 /* moon24@2x.png in Resources */ = {isa = PBXBuildFile; fileRef = 6E7C878D2DAE5E73000D3393 /* moon24@2x.png */; };
		6E7C87F02DAE5E73000D3393 /* moon5_90x90.png in Resources */ = {isa = PBXBuildFile; fileRef = 6E7C872C2DAE5E73000D3393 /* moon5_90x90.png */; };
		6E7C87F12DAE5E73000D3393 /* moon4@3x.png in Resources */ = {isa = PBXBuildFile; fileRef = 6E7C872A2DAE5E73000D3393 /* moon4@3x.png */; };
		6E7C87F22DAE5E73000D3393 /* moon9@2x.png in Resources */ = {isa = PBXBuildFile; fileRef = 6E7C87422DAE5E73000D3393 /* moon9@2x.png */; };
		6E7C87F32DAE5E73000D3393 /* moon28_90x90.png in Resources */ = {isa = PBXBuildFile; fileRef = 6E7C87A22DAE5E73000D3393 /* moon28_90x90.png */; };
		6E7C87F42DAE5E73000D3393 /* moon2@2x.png in Resources */ = {isa = PBXBuildFile; fileRef = 6E7C871F2DAE5E73000D3393 /* moon2@2x.png */; };
		6E7C87F52DAE5E73000D3393 /* moon17@2x.png in Resources */ = {isa = PBXBuildFile; fileRef = 6E7C876A2DAE5E73000D3393 /* moon17@2x.png */; };
		6E7C87F62DAE5E73000D3393 /* moon11_90x90.png in Resources */ = {isa = PBXBuildFile; fileRef = 6E7C874A2DAE5E73000D3393 /* moon11_90x90.png */; };
		6E7C87F72DAE5E73000D3393 /* moon20@3x.png in Resources */ = {isa = PBXBuildFile; fileRef = 6E7C877A2DAE5E73000D3393 /* moon20@3x.png */; };
		6E7C87F82DAE5E73000D3393 /* moon12_90x90@2x.png in Resources */ = {isa = PBXBuildFile; fileRef = 6E7C87502DAE5E73000D3393 /* moon12_90x90@2x.png */; };
		6E7C87F92DAE5E73000D3393 /* moon10@2x.png in Resources */ = {isa = PBXBuildFile; fileRef = 6E7C87472DAE5E73000D3393 /* moon10@2x.png */; };
		6E7C87FA2DAE5E73000D3393 /* moon8@3x.png in Resources */ = {isa = PBXBuildFile; fileRef = 6E7C873E2DAE5E73000D3393 /* moon8@3x.png */; };
		6E7C87FB2DAE5E73000D3393 /* moon20_90x90@2x.png in Resources */ = {isa = PBXBuildFile; fileRef = 6E7C87782DAE5E73000D3393 /* moon20_90x90@2x.png */; };
		6E7C87FC2DAE5E73000D3393 /* moon16_90x90@2x.png in Resources */ = {isa = PBXBuildFile; fileRef = 6E7C87642DAE5E73000D3393 /* moon16_90x90@2x.png */; };
		6E7C87FD2DAE5E73000D3393 /* moon26@2x.png in Resources */ = {isa = PBXBuildFile; fileRef = 6E7C879A2DAE5E73000D3393 /* moon26@2x.png */; };
		6E7C87FE2DAE5E73000D3393 /* moon7.png in Resources */ = {isa = PBXBuildFile; fileRef = 6E7C87352DAE5E73000D3393 /* moon7.png */; };
		6E7C87FF2DAE5E73000D3393 /* moon22@2x.png in Resources */ = {isa = PBXBuildFile; fileRef = 6E7C87832DAE5E73000D3393 /* moon22@2x.png */; };
		6E7C88002DAE5E73000D3393 /* moon16.png in Resources */ = {isa = PBXBuildFile; fileRef = 6E7C87622DAE5E73000D3393 /* moon16.png */; };
		6E7C88012DAE5E73000D3393 /* moon29@2x.png in Resources */ = {isa = PBXBuildFile; fileRef = 6E7C87A92DAE5E73000D3393 /* moon29@2x.png */; };
		6E7C88022DAE5E73000D3393 /* moon1_90x90.png in Resources */ = {isa = PBXBuildFile; fileRef = 6E7C87182DAE5E73000D3393 /* moon1_90x90.png */; };
		6E7C88032DAE5E73000D3393 /* moon12@3x.png in Resources */ = {isa = PBXBuildFile; fileRef = 6E7C87522DAE5E73000D3393 /* moon12@3x.png */; };
		6E7C88042DAE5E73000D3393 /* moon16@3x.png in Resources */ = {isa = PBXBuildFile; fileRef = 6E7C87662DAE5E73000D3393 /* moon16@3x.png */; };
		6E7C88052DAE5E73000D3393 /* moon0_90x90@2x.png in Resources */ = {isa = PBXBuildFile; fileRef = 6E7C87162DAE5E73000D3393 /* moon0_90x90@2x.png */; };
		6E7C88062DAE5E73000D3393 /* moon17_90x90@2x.png in Resources */ = {isa = PBXBuildFile; fileRef = 6E7C87692DAE5E73000D3393 /* moon17_90x90@2x.png */; };
		6E7C88072DAE5E73000D3393 /* moon6_90x90@2x.png in Resources */ = {isa = PBXBuildFile; fileRef = 6E7C87322DAE5E73000D3393 /* moon6_90x90@2x.png */; };
		6E7C88082DAE5E73000D3393 /* moon14@2x.png in Resources */ = {isa = PBXBuildFile; fileRef = 6E7C875B2DAE5E73000D3393 /* moon14@2x.png */; };
		6E7C88092DAE5E73000D3393 /* moon0_90x90.png in Resources */ = {isa = PBXBuildFile; fileRef = 6E7C87152DAE5E73000D3393 /* moon0_90x90.png */; };
		6E7C880A2DAE5E73000D3393 /* moon13_90x90@2x.png in Resources */ = {isa = PBXBuildFile; fileRef = 6E7C87552DAE5E73000D3393 /* moon13_90x90@2x.png */; };
		6E7C880B2DAE5E73000D3393 /* moon30@3x.png in Resources */ = {isa = PBXBuildFile; fileRef = 6E7C87AF2DAE5E73000D3393 /* moon30@3x.png */; };
		6E7C880C2DAE5E73000D3393 /* moon11_90x90@2x.png in Resources */ = {isa = PBXBuildFile; fileRef = 6E7C874B2DAE5E73000D3393 /* moon11_90x90@2x.png */; };
		6E7C880D2DAE5E73000D3393 /* moon15.png in Resources */ = {isa = PBXBuildFile; fileRef = 6E7C875D2DAE5E73000D3393 /* moon15.png */; };
		6E7C880E2DAE5E73000D3393 /* moon26@3x.png in Resources */ = {isa = PBXBuildFile; fileRef = 6E7C879B2DAE5E73000D3393 /* moon26@3x.png */; };
		6E7C880F2DAE5E73000D3393 /* TabBarController.storyboard in Resources */ = {isa = PBXBuildFile; fileRef = 6E7C87B62DAE5E73000D3393 /* TabBarController.storyboard */; };
		6E7C88102DAE5E73000D3393 /* moon1@2x.png in Resources */ = {isa = PBXBuildFile; fileRef = 6E7C871A2DAE5E73000D3393 /* moon1@2x.png */; };
		6E7C88112DAE5E73000D3393 /* moon17@3x.png in Resources */ = {isa = PBXBuildFile; fileRef = 6E7C876B2DAE5E73000D3393 /* moon17@3x.png */; };
		6E7C88122DAE5E73000D3393 /* moon20_90x90.png in Resources */ = {isa = PBXBuildFile; fileRef = 6E7C87772DAE5E73000D3393 /* moon20_90x90.png */; };
		6E7C88132DAE5E73000D3393 /* moon7@3x.png in Resources */ = {isa = PBXBuildFile; fileRef = 6E7C87392DAE5E73000D3393 /* moon7@3x.png */; };
		6E7C88142DAE5E73000D3393 /* moon4_90x90@2x.png in Resources */ = {isa = PBXBuildFile; fileRef = 6E7C87282DAE5E73000D3393 /* moon4_90x90@2x.png */; };
		6E7C88152DAE5E73000D3393 /* moon29_90x90.png in Resources */ = {isa = PBXBuildFile; fileRef = 6E7C87A72DAE5E73000D3393 /* moon29_90x90.png */; };
		6E7C88162DAE5E73000D3393 /* moon4_90x90.png in Resources */ = {isa = PBXBuildFile; fileRef = 6E7C87272DAE5E73000D3393 /* moon4_90x90.png */; };
		6E7C88172DAE5E73000D3393 /* SecondViewController2.storyboard in Resources */ = {isa = PBXBuildFile; fileRef = 6E7C87B42DAE5E73000D3393 /* SecondViewController2.storyboard */; };
		6E7C88182DAE5E73000D3393 /* moon24_90x90.png in Resources */ = {isa = PBXBuildFile; fileRef = 6E7C878B2DAE5E73000D3393 /* moon24_90x90.png */; };
		6E7C88192DAE5E73000D3393 /* moon18@3x.png in Resources */ = {isa = PBXBuildFile; fileRef = 6E7C87702DAE5E73000D3393 /* moon18@3x.png */; };
		6E7C881A2DAE5E73000D3393 /* moon30@2x.png in Resources */ = {isa = PBXBuildFile; fileRef = 6E7C87AE2DAE5E73000D3393 /* moon30@2x.png */; };
		6E7C881B2DAE5E73000D3393 /* AncientCalnedar_icon1024_3_p.png in Resources */ = {isa = PBXBuildFile; fileRef = 6E7C86FF2DAE5E73000D3393 /* AncientCalnedar_icon1024_3_p.png */; };
		6E7C881C2DAE5E73000D3393 /* moon8_90x90@2x.png in Resources */ = {isa = PBXBuildFile; fileRef = 6E7C873C2DAE5E73000D3393 /* moon8_90x90@2x.png */; };
		6E7C881D2DAE5E73000D3393 /* moon1_90x90@2x.png in Resources */ = {isa = PBXBuildFile; fileRef = 6E7C87192DAE5E73000D3393 /* moon1_90x90@2x.png */; };
		6E7C881E2DAE5E73000D3393 /* moon3@3x.png in Resources */ = {isa = PBXBuildFile; fileRef = 6E7C87252DAE5E73000D3393 /* moon3@3x.png */; };
		6E7C881F2DAE5E73000D3393 /* moon7_90x90.png in Resources */ = {isa = PBXBuildFile; fileRef = 6E7C87362DAE5E73000D3393 /* moon7_90x90.png */; };
		6E7C88202DAE5E73000D3393 /* moon19@3x.png in Resources */ = {isa = PBXBuildFile; fileRef = 6E7C87752DAE5E73000D3393 /* moon19@3x.png */; };
		6E7C88212DAE5E73000D3393 /* moon13@3x.png in Resources */ = {isa = PBXBuildFile; fileRef = 6E7C87572DAE5E73000D3393 /* moon13@3x.png */; };
		6E7C88222DAE5E73000D3393 /* moon29_90x90@2x.png in Resources */ = {isa = PBXBuildFile; fileRef = 6E7C87A82DAE5E73000D3393 /* moon29_90x90@2x.png */; };
		6E7C88232DAE5E73000D3393 /* moon24_90x90@2x.png in Resources */ = {isa = PBXBuildFile; fileRef = 6E7C878C2DAE5E73000D3393 /* moon24_90x90@2x.png */; };
		6E7C88242DAE5E73000D3393 /* moon5@2x.png in Resources */ = {isa = PBXBuildFile; fileRef = 6E7C872E2DAE5E73000D3393 /* moon5@2x.png */; };
		6E7C88252DAE5E73000D3393 /* moon3_90x90.png in Resources */ = {isa = PBXBuildFile; fileRef = 6E7C87222DAE5E73000D3393 /* moon3_90x90.png */; };
		6E7C88262DAE5E73000D3393 /* moon23_90x90@2x.png in Resources */ = {isa = PBXBuildFile; fileRef = 6E7C87872DAE5E73000D3393 /* moon23_90x90@2x.png */; };
		6E7C88272DAE5E73000D3393 /* moon30_90x90.png in Resources */ = {isa = PBXBuildFile; fileRef = 6E7C87AC2DAE5E73000D3393 /* moon30_90x90.png */; };
		6E7C88282DAE5E73000D3393 /* SecondViewController.storyboard in Resources */ = {isa = PBXBuildFile; fileRef = 6E7C87B32DAE5E73000D3393 /* SecondViewController.storyboard */; };
		6E7C88292DAE5E73000D3393 /* Main.storyboard in Resources */ = {isa = PBXBuildFile; fileRef = 6E7C87052DAE5E73000D3393 /* Main.storyboard */; };
		6E7C882A2DAE5E73000D3393 /* moon19.png in Resources */ = {isa = PBXBuildFile; fileRef = 6E7C87712DAE5E73000D3393 /* moon19.png */; };
		6E7C882B2DAE5E73000D3393 /* moon19_90x90@2x.png in Resources */ = {isa = PBXBuildFile; fileRef = 6E7C87732DAE5E73000D3393 /* moon19_90x90@2x.png */; };
		6E7C882C2DAE5E73000D3393 /* moon2@3x.png in Resources */ = {isa = PBXBuildFile; fileRef = 6E7C87202DAE5E73000D3393 /* moon2@3x.png */; };
		6E7C882D2DAE5E73000D3393 /* moon9_90x90@2x.png in Resources */ = {isa = PBXBuildFile; fileRef = 6E7C87412DAE5E73000D3393 /* moon9_90x90@2x.png */; };
		6E7C882E2DAE5E73000D3393 /* moon1.png in Resources */ = {isa = PBXBuildFile; fileRef = 6E7C87172DAE5E73000D3393 /* moon1.png */; };
		6E7C882F2DAE5E73000D3393 /* moon28.png in Resources */ = {isa = PBXBuildFile; fileRef = 6E7C87A12DAE5E73000D3393 /* moon28.png */; };
		6E7C88302DAE5E73000D3393 /* moon18_90x90@2x.png in Resources */ = {isa = PBXBuildFile; fileRef = 6E7C876E2DAE5E73000D3393 /* moon18_90x90@2x.png */; };
		6E7C88322DAE5E73000D3393 /* moon10.png in Resources */ = {isa = PBXBuildFile; fileRef = 6E7C87442DAE5E73000D3393 /* moon10.png */; };
		6E7C88332DAE5E73000D3393 /* moon18_90x90.png in Resources */ = {isa = PBXBuildFile; fileRef = 6E7C876D2DAE5E73000D3393 /* moon18_90x90.png */; };
		6E7C88342DAE5E73000D3393 /* moon13_90x90.png in Resources */ = {isa = PBXBuildFile; fileRef = 6E7C87542DAE5E73000D3393 /* moon13_90x90.png */; };
		6E7C88352DAE5E73000D3393 /* moon22.png in Resources */ = {isa = PBXBuildFile; fileRef = 6E7C87802DAE5E73000D3393 /* moon22.png */; };
		6E7C88362DAE5E73000D3393 /* moon18@2x.png in Resources */ = {isa = PBXBuildFile; fileRef = 6E7C876F2DAE5E73000D3393 /* moon18@2x.png */; };
		6E7C88372DAE5E73000D3393 /* moon6@2x.png in Resources */ = {isa = PBXBuildFile; fileRef = 6E7C87332DAE5E73000D3393 /* moon6@2x.png */; };
		6E7C88382DAE5E73000D3393 /* moon9_90x90.png in Resources */ = {isa = PBXBuildFile; fileRef = 6E7C87402DAE5E73000D3393 /* moon9_90x90.png */; };
		6E7C88392DAE5E73000D3393 /* moon20@2x.png in Resources */ = {isa = PBXBuildFile; fileRef = 6E7C87792DAE5E73000D3393 /* moon20@2x.png */; };
		6E7C883A2DAE5E73000D3393 /* moon14@3x.png in Resources */ = {isa = PBXBuildFile; fileRef = 6E7C875C2DAE5E73000D3393 /* moon14@3x.png */; };
		6E7C883B2DAE5E73000D3393 /* moon5.png in Resources */ = {isa = PBXBuildFile; fileRef = 6E7C872B2DAE5E73000D3393 /* moon5.png */; };
		6E7C883C2DAE5E73000D3393 /* moon12_90x90.png in Resources */ = {isa = PBXBuildFile; fileRef = 6E7C874F2DAE5E73000D3393 /* moon12_90x90.png */; };
		6E7C883D2DAE5E73000D3393 /* moon16_90x90.png in Resources */ = {isa = PBXBuildFile; fileRef = 6E7C87632DAE5E73000D3393 /* moon16_90x90.png */; };
		6E7C883E2DAE5E73000D3393 /* moon15@2x.png in Resources */ = {isa = PBXBuildFile; fileRef = 6E7C87602DAE5E73000D3393 /* moon15@2x.png */; };
		6E7C883F2DAE5E73000D3393 /* AncientCalnedar_icon1024_p.png in Resources */ = {isa = PBXBuildFile; fileRef = 6E7C87002DAE5E73000D3393 /* AncientCalnedar_icon1024_p.png */; };
		6E7C88402DAE5E73000D3393 /* moon25.png in Resources */ = {isa = PBXBuildFile; fileRef = 6E7C878F2DAE5E73000D3393 /* moon25.png */; };
		6E7C88412DAE5E73000D3393 /* moon17.png in Resources */ = {isa = PBXBuildFile; fileRef = 6E7C87672DAE5E73000D3393 /* moon17.png */; };
		6E7C88422DAE5E73000D3393 /* moon21@2x.png in Resources */ = {isa = PBXBuildFile; fileRef = 6E7C877E2DAE5E73000D3393 /* moon21@2x.png */; };
		6E7C88432DAE5E73000D3393 /* moon19@2x.png in Resources */ = {isa = PBXBuildFile; fileRef = 6E7C87742DAE5E73000D3393 /* moon19@2x.png */; };
		6E7C88442DAE5E73000D3393 /* moon10_90x90.png in Resources */ = {isa = PBXBuildFile; fileRef = 6E7C87452DAE5E73000D3393 /* moon10_90x90.png */; };
		6E7C88452DAE5E73000D3393 /* moon21_90x90.png in Resources */ = {isa = PBXBuildFile; fileRef = 6E7C877C2DAE5E73000D3393 /* moon21_90x90.png */; };
		6E7C88462DAE5E73000D3393 /* moon28@2x.png in Resources */ = {isa = PBXBuildFile; fileRef = 6E7C87A42DAE5E73000D3393 /* moon28@2x.png */; };
		6E7C88472DAE5E73000D3393 /* moon19_90x90.png in Resources */ = {isa = PBXBuildFile; fileRef = 6E7C87722DAE5E73000D3393 /* moon19_90x90.png */; };
		6E7C88482DAE5E73000D3393 /* moon27.png in Resources */ = {isa = PBXBuildFile; fileRef = 6E7C879C2DAE5E73000D3393 /* moon27.png */; };
		6E7C88492DAE5E73000D3393 /* moon25_90x90@2x.png in Resources */ = {isa = PBXBuildFile; fileRef = 6E7C87912DAE5E73000D3393 /* moon25_90x90@2x.png */; };
		6E7C884A2DAE5E73000D3393 /* moon20.png in Resources */ = {isa = PBXBuildFile; fileRef = 6E7C87762DAE5E73000D3393 /* moon20.png */; };
		6E7C884B2DAE5E73000D3393 /* moon16@2x.png in Resources */ = {isa = PBXBuildFile; fileRef = 6E7C87652DAE5E73000D3393 /* moon16@2x.png */; };
		6E7C884C2DAE5E73000D3393 /* moon28@3x.png in Resources */ = {isa = PBXBuildFile; fileRef = 6E7C87A52DAE5E73000D3393 /* moon28@3x.png */; };
		6E7C884D2DAE5E73000D3393 /* moon25@3x.png in Resources */ = {isa = PBXBuildFile; fileRef = 6E7C87932DAE5E73000D3393 /* moon25@3x.png */; };
		6E7C884E2DAE5E73000D3393 /* moon8_90x90.png in Resources */ = {isa = PBXBuildFile; fileRef = 6E7C873B2DAE5E73000D3393 /* moon8_90x90.png */; };
		6E7C884F2DAE5E73000D3393 /* moon26_90x90@2x.png in Resources */ = {isa = PBXBuildFile; fileRef = 6E7C87962DAE5E73000D3393 /* moon26_90x90@2x.png */; };
		6E7C88502DAE5E73000D3393 /* moon29@3x.png in Resources */ = {isa = PBXBuildFile; fileRef = 6E7C87AA2DAE5E73000D3393 /* moon29@3x.png */; };
		6E7C88512DAE5E73000D3393 /* moon30.png in Resources */ = {isa = PBXBuildFile; fileRef = 6E7C87AB2DAE5E73000D3393 /* moon30.png */; };
		6E7C88522DAE5E73000D3393 /* moon18.png in Resources */ = {isa = PBXBuildFile; fileRef = 6E7C876C2DAE5E73000D3393 /* moon18.png */; };
		6E7C88532DAE5E73000D3393 /* LaunchScreen.xib in Resources */ = {isa = PBXBuildFile; fileRef = 6E7C87032DAE5E73000D3393 /* LaunchScreen.xib */; };
		6E7C88542DAE5E73000D3393 /* moon25@2x.png in Resources */ = {isa = PBXBuildFile; fileRef = 6E7C87922DAE5E73000D3393 /* moon25@2x.png */; };
		6E7C88552DAE5E73000D3393 /* moon6_90x90.png in Resources */ = {isa = PBXBuildFile; fileRef = 6E7C87312DAE5E73000D3393 /* moon6_90x90.png */; };
		6E7C88562DAE5E73000D3393 /* moon26-2.png in Resources */ = {isa = PBXBuildFile; fileRef = 6E7C87972DAE5E73000D3393 /* moon26-2.png */; };
		6E7C88572DAE5E73000D3393 /* moon17_90x90.png in Resources */ = {isa = PBXBuildFile; fileRef = 6E7C87682DAE5E73000D3393 /* moon17_90x90.png */; };
		6E7C88582DAE5E73000D3393 /* moon15_90x90@2x.png in Resources */ = {isa = PBXBuildFile; fileRef = 6E7C875F2DAE5E73000D3393 /* moon15_90x90@2x.png */; };
		6E7C88592DAE5E73000D3393 /* moon21.png in Resources */ = {isa = PBXBuildFile; fileRef = 6E7C877B2DAE5E73000D3393 /* moon21.png */; };
		6E7C885A2DAE5E73000D3393 /* moon30_90x90@2x.png in Resources */ = {isa = PBXBuildFile; fileRef = 6E7C87AD2DAE5E73000D3393 /* moon30_90x90@2x.png */; };
		6E7C885B2DAE5E73000D3393 /* moon24.png in Resources */ = {isa = PBXBuildFile; fileRef = 6E7C878A2DAE5E73000D3393 /* moon24.png */; };
		6E7C885C2DAE5E73000D3393 /* moon12.png in Resources */ = {isa = PBXBuildFile; fileRef = 6E7C874E2DAE5E73000D3393 /* moon12.png */; };
		6E7C885D2DAE5E73000D3393 /* CalendarView.swift in Sources */ = {isa = PBXBuildFile; fileRef = 6E7C870C2DAE5E73000D3393 /* CalendarView.swift */; };
		6E7C885E2DAE5E73000D3393 /* Constants.swift in Sources */ = {isa = PBXBuildFile; fileRef = 6E7C870D2DAE5E73000D3393 /* Constants.swift */; };
		6E7C885F2DAE5E73000D3393 /* SingletonClass.swift in Sources */ = {isa = PBXBuildFile; fileRef = 6E7C87B52DAE5E73000D3393 /* SingletonClass.swift */; };
		6E7C88602DAE5E73000D3393 /* AncientCalendarConverter2.swift in Sources */ = {isa = PBXBuildFile; fileRef = 6E7C86FE2DAE5E73000D3393 /* AncientCalendarConverter2.swift */; };
		6E7C88612DAE5E73000D3393 /* Designer.swift in Sources */ = {isa = PBXBuildFile; fileRef = 6E7C87102DAE5E73000D3393 /* Designer.swift */; };
		6E7C88622DAE5E73000D3393 /* MyNavigationController.swift in Sources */ = {isa = PBXBuildFile; fileRef = 6E7C87B02DAE5E73000D3393 /* MyNavigationController.swift */; };
		6E7C88632DAE5E73000D3393 /* DeviseSize.swift in Sources */ = {isa = PBXBuildFile; fileRef = 6E7C87112DAE5E73000D3393 /* DeviseSize.swift */; };
		6E7C88642DAE5E73000D3393 /* FirstViewController.swift in Sources */ = {isa = PBXBuildFile; fileRef = 6E7C87122DAE5E73000D3393 /* FirstViewController.swift */; };
		6E7C88652DAE5E73000D3393 /* AncientCalendarConverter.swift in Sources */ = {isa = PBXBuildFile; fileRef = 6E7C86FD2DAE5E73000D3393 /* AncientCalendarConverter.swift */; };
		6E7C88662DAE5E73000D3393 /* CalendarConverter.swift in Sources */ = {isa = PBXBuildFile; fileRef = 6E7C87082DAE5E73000D3393 /* CalendarConverter.swift */; };
		6E7C88672DAE5E73000D3393 /* CalendarChangeViewController.swift in Sources */ = {isa = PBXBuildFile; fileRef = 6E7C87072DAE5E73000D3393 /* CalendarChangeViewController.swift */; };
		6E7C88682DAE5E73000D3393 /* CalendarManager.swift in Sources */ = {isa = PBXBuildFile; fileRef = 6E7C870B2DAE5E73000D3393 /* CalendarManager.swift */; };
		6E7C88692DAE5E73000D3393 /* SecondViewContoller.swift in Sources */ = {isa = PBXBuildFile; fileRef = 6E7C87B22DAE5E73000D3393 /* SecondViewContoller.swift */; };
		6E7C886A2DAE5E73000D3393 /* ScheduleViewController.swift in Sources */ = {isa = PBXBuildFile; fileRef = 6E7C87B12DAE5E73000D3393 /* ScheduleViewController.swift */; };
		6E7C886B2DAE5E73000D3393 /* Day.swift in Sources */ = {isa = PBXBuildFile; fileRef = 6E7C870F2DAE5E73000D3393 /* Day.swift */; };
		6E7C886C2DAE5E73000D3393 /* CalendarDetailViewController.swift in Sources */ = {isa = PBXBuildFile; fileRef = 6E7C87092DAE5E73000D3393 /* CalendarDetailViewController.swift */; };
		6E7C886D2DAE5E73000D3393 /* UserConfigViewController.swift in Sources */ = {isa = PBXBuildFile; fileRef = 6E7C87B72DAE5E73000D3393 /* UserConfigViewController.swift */; };
		6E7C886E2DAE5E73000D3393 /* CustomButton.swift in Sources */ = {isa = PBXBuildFile; fileRef = 6E7C870E2DAE5E73000D3393 /* CustomButton.swift */; };
		6E7C886F2DAE5E73000D3393 /* ViewController.swift in Sources */ = {isa = PBXBuildFile; fileRef = 6E7C87B82DAE5E73000D3393 /* ViewController.swift */; };
		6E7C88702DAE5E73000D3393 /* CalendarListViewController.swift in Sources */ = {isa = PBXBuildFile; fileRef = 6E7C870A2DAE5E73000D3393 /* CalendarListViewController.swift */; };
		6E7C88712DAE5E73000D3393 /* AppDelegate.swift in Sources */ = {isa = PBXBuildFile; fileRef = 6E7C87012DAE5E73000D3393 /* AppDelegate.swift */; };
		DE3BE56F1A5EDA2800C49B3C /* DeviseSize.swift in Sources */ = {isa = PBXBuildFile; fileRef = DE3BE56E1A5EDA2700C49B3C /* DeviseSize.swift */; };
		DEA4E48F1A2B03F100601B26 /* QuartzCore.framework in Frameworks */ = {isa = PBXBuildFile; fileRef = DEA4E48E1A2B03F100601B26 /* QuartzCore.framework */; };
		DEA538A31A2A0AE30092DCBA /* AppDelegate.swift in Sources */ = {isa = PBXBuildFile; fileRef = DEA538A21A2A0AE30092DCBA /* AppDelegate.swift */; };
		DEA538A51A2A0AE30092DCBA /* ViewController.swift in Sources */ = {isa = PBXBuildFile; fileRef = DEA538A41A2A0AE30092DCBA /* ViewController.swift */; };
		DEA538A81A2A0AE40092DCBA /* Main.storyboard in Resources */ = {isa = PBXBuildFile; fileRef = DEA538A61A2A0AE40092DCBA /* Main.storyboard */; };
		DEA538AA1A2A0AE40092DCBA /* Images.xcassets in Resources */ = {isa = PBXBuildFile; fileRef = DEA538A91A2A0AE40092DCBA /* Images.xcassets */; };
		DEA538AD1A2A0AE40092DCBA /* LaunchScreen.xib in Resources */ = {isa = PBXBuildFile; fileRef = DEA538AB1A2A0AE40092DCBA /* LaunchScreen.xib */; };
		DEA538B91A2A0AE40092DCBA /* handmadeCalenderSampleOfSwiftTests.swift in Sources */ = {isa = PBXBuildFile; fileRef = DEA538B81A2A0AE40092DCBA /* handmadeCalenderSampleOfSwiftTests.swift */; };
/* End PBXBuildFile section */

/* Begin PBXContainerItemProxy section */
		DEA538B31A2A0AE40092DCBA /* PBXContainerItemProxy */ = {
			isa = PBXContainerItemProxy;
			containerPortal = DEA538951A2A0AE30092DCBA /* Project object */;
			proxyType = 1;
			remoteGlobalIDString = DEA5389C1A2A0AE30092DCBA;
			remoteInfo = handmadeCalenderSampleOfSwift;
		};
/* End PBXContainerItemProxy section */

/* Begin PBXFileReference section */
		6E7C86FD2DAE5E73000D3393 /* AncientCalendarConverter.swift */ = {isa = PBXFileReference; lastKnownFileType = sourcecode.swift; path = AncientCalendarConverter.swift; sourceTree = "<group>"; };
		6E7C86FE2DAE5E73000D3393 /* AncientCalendarConverter2.swift */ = {isa = PBXFileReference; lastKnownFileType = sourcecode.swift; path = AncientCalendarConverter2.swift; sourceTree = "<group>"; };
		6E7C86FF2DAE5E73000D3393 /* AncientCalnedar_icon1024_3_p.png */ = {isa = PBXFileReference; lastKnownFileType = image.png; path = AncientCalnedar_icon1024_3_p.png; sourceTree = "<group>"; };
		6E7C87002DAE5E73000D3393 /* AncientCalnedar_icon1024_p.png */ = {isa = PBXFileReference; lastKnownFileType = image.png; path = AncientCalnedar_icon1024_p.png; sourceTree = "<group>"; };
		6E7C87012DAE5E73000D3393 /* AppDelegate.swift */ = {isa = PBXFileReference; lastKnownFileType = sourcecode.swift; path = AppDelegate.swift; sourceTree = "<group>"; };
		6E7C87022DAE5E73000D3393 /* Base */ = {isa = PBXFileReference; lastKnownFileType = file.xib; name = Base; path = LaunchScreen.xib; sourceTree = "<group>"; };
		6E7C87042DAE5E73000D3393 /* Base */ = {isa = PBXFileReference; lastKnownFileType = file.storyboard; name = Base; path = Main.storyboard; sourceTree = "<group>"; };
		6E7C87072DAE5E73000D3393 /* CalendarChangeViewController.swift */ = {isa = PBXFileReference; lastKnownFileType = sourcecode.swift; path = CalendarChangeViewController.swift; sourceTree = "<group>"; };
		6E7C87082DAE5E73000D3393 /* CalendarConverter.swift */ = {isa = PBXFileReference; lastKnownFileType = sourcecode.swift; path = CalendarConverter.swift; sourceTree = "<group>"; };
		6E7C87092DAE5E73000D3393 /* CalendarDetailViewController.swift */ = {isa = PBXFileReference; lastKnownFileType = sourcecode.swift; path = CalendarDetailViewController.swift; sourceTree = "<group>"; };
		6E7C870A2DAE5E73000D3393 /* CalendarListViewController.swift */ = {isa = PBXFileReference; lastKnownFileType = sourcecode.swift; path = CalendarListViewController.swift; sourceTree = "<group>"; };
		6E7C870B2DAE5E73000D3393 /* CalendarManager.swift */ = {isa = PBXFileReference; lastKnownFileType = sourcecode.swift; path = CalendarManager.swift; sourceTree = "<group>"; };
		6E7C870C2DAE5E73000D3393 /* CalendarView.swift */ = {isa = PBXFileReference; lastKnownFileType = sourcecode.swift; path = CalendarView.swift; sourceTree = "<group>"; };
		6E7C870D2DAE5E73000D3393 /* Constants.swift */ = {isa = PBXFileReference; lastKnownFileType = sourcecode.swift; path = Constants.swift; sourceTree = "<group>"; };
		6E7C870E2DAE5E73000D3393 /* CustomButton.swift */ = {isa = PBXFileReference; lastKnownFileType = sourcecode.swift; path = CustomButton.swift; sourceTree = "<group>"; };
		6E7C870F2DAE5E73000D3393 /* Day.swift */ = {isa = PBXFileReference; lastKnownFileType = sourcecode.swift; path = Day.swift; sourceTree = "<group>"; };
		6E7C87102DAE5E73000D3393 /* Designer.swift */ = {isa = PBXFileReference; lastKnownFileType = sourcecode.swift; path = Designer.swift; sourceTree = "<group>"; };
		6E7C87112DAE5E73000D3393 /* DeviseSize.swift */ = {isa = PBXFileReference; lastKnownFileType = sourcecode.swift; path = DeviseSize.swift; sourceTree = "<group>"; };
		6E7C87122DAE5E73000D3393 /* FirstViewController.swift */ = {isa = PBXFileReference; lastKnownFileType = sourcecode.swift; path = FirstViewController.swift; sourceTree = "<group>"; };
		6E7C87132DAE5E73000D3393 /* Images.xcassets */ = {isa = PBXFileReference; lastKnownFileType = folder.assetcatalog; path = Images.xcassets; sourceTree = "<group>"; };
		6E7C87152DAE5E73000D3393 /* moon0_90x90.png */ = {isa = PBXFileReference; lastKnownFileType = image.png; path = moon0_90x90.png; sourceTree = "<group>"; };
		6E7C87162DAE5E73000D3393 /* moon0_90x90@2x.png */ = {isa = PBXFileReference; lastKnownFileType = image.png; path = "moon0_90x90@2x.png"; sourceTree = "<group>"; };
		6E7C87172DAE5E73000D3393 /* moon1.png */ = {isa = PBXFileReference; lastKnownFileType = image.png; path = moon1.png; sourceTree = "<group>"; };
		6E7C87182DAE5E73000D3393 /* moon1_90x90.png */ = {isa = PBXFileReference; lastKnownFileType = image.png; path = moon1_90x90.png; sourceTree = "<group>"; };
		6E7C87192DAE5E73000D3393 /* moon1_90x90@2x.png */ = {isa = PBXFileReference; lastKnownFileType = image.png; path = "moon1_90x90@2x.png"; sourceTree = "<group>"; };
		6E7C871A2DAE5E73000D3393 /* moon1@2x.png */ = {isa = PBXFileReference; lastKnownFileType = image.png; path = "moon1@2x.png"; sourceTree = "<group>"; };
		6E7C871B2DAE5E73000D3393 /* moon1@3x.png */ = {isa = PBXFileReference; lastKnownFileType = image.png; path = "moon1@3x.png"; sourceTree = "<group>"; };
		6E7C871C2DAE5E73000D3393 /* moon2.png */ = {isa = PBXFileReference; lastKnownFileType = image.png; path = moon2.png; sourceTree = "<group>"; };
		6E7C871D2DAE5E73000D3393 /* moon2_90x90.png */ = {isa = PBXFileReference; lastKnownFileType = image.png; path = moon2_90x90.png; sourceTree = "<group>"; };
		6E7C871E2DAE5E73000D3393 /* moon2_90x90@2x.png */ = {isa = PBXFileReference; lastKnownFileType = image.png; path = "moon2_90x90@2x.png"; sourceTree = "<group>"; };
		6E7C871F2DAE5E73000D3393 /* moon2@2x.png */ = {isa = PBXFileReference; lastKnownFileType = image.png; path = "moon2@2x.png"; sourceTree = "<group>"; };
		6E7C87202DAE5E73000D3393 /* moon2@3x.png */ = {isa = PBXFileReference; lastKnownFileType = image.png; path = "moon2@3x.png"; sourceTree = "<group>"; };
		6E7C87212DAE5E73000D3393 /* moon3.png */ = {isa = PBXFileReference; lastKnownFileType = image.png; path = moon3.png; sourceTree = "<group>"; };
		6E7C87222DAE5E73000D3393 /* moon3_90x90.png */ = {isa = PBXFileReference; lastKnownFileType = image.png; path = moon3_90x90.png; sourceTree = "<group>"; };
		6E7C87232DAE5E73000D3393 /* moon3_90x90@2x.png */ = {isa = PBXFileReference; lastKnownFileType = image.png; path = "moon3_90x90@2x.png"; sourceTree = "<group>"; };
		6E7C87242DAE5E73000D3393 /* moon3@2x.png */ = {isa = PBXFileReference; lastKnownFileType = image.png; path = "moon3@2x.png"; sourceTree = "<group>"; };
		6E7C87252DAE5E73000D3393 /* moon3@3x.png */ = {isa = PBXFileReference; lastKnownFileType = image.png; path = "moon3@3x.png"; sourceTree = "<group>"; };
		6E7C87262DAE5E73000D3393 /* moon4.png */ = {isa = PBXFileReference; lastKnownFileType = image.png; path = moon4.png; sourceTree = "<group>"; };
		6E7C87272DAE5E73000D3393 /* moon4_90x90.png */ = {isa = PBXFileReference; lastKnownFileType = image.png; path = moon4_90x90.png; sourceTree = "<group>"; };
		6E7C87282DAE5E73000D3393 /* moon4_90x90@2x.png */ = {isa = PBXFileReference; lastKnownFileType = image.png; path = "moon4_90x90@2x.png"; sourceTree = "<group>"; };
		6E7C87292DAE5E73000D3393 /* moon4@2x.png */ = {isa = PBXFileReference; lastKnownFileType = image.png; path = "moon4@2x.png"; sourceTree = "<group>"; };
		6E7C872A2DAE5E73000D3393 /* moon4@3x.png */ = {isa = PBXFileReference; lastKnownFileType = image.png; path = "moon4@3x.png"; sourceTree = "<group>"; };
		6E7C872B2DAE5E73000D3393 /* moon5.png */ = {isa = PBXFileReference; lastKnownFileType = image.png; path = moon5.png; sourceTree = "<group>"; };
		6E7C872C2DAE5E73000D3393 /* moon5_90x90.png */ = {isa = PBXFileReference; lastKnownFileType = image.png; path = moon5_90x90.png; sourceTree = "<group>"; };
		6E7C872D2DAE5E73000D3393 /* moon5_90x90@2x.png */ = {isa = PBXFileReference; lastKnownFileType = image.png; path = "moon5_90x90@2x.png"; sourceTree = "<group>"; };
		6E7C872E2DAE5E73000D3393 /* moon5@2x.png */ = {isa = PBXFileReference; lastKnownFileType = image.png; path = "moon5@2x.png"; sourceTree = "<group>"; };
		6E7C872F2DAE5E73000D3393 /* moon5@3x.png */ = {isa = PBXFileReference; lastKnownFileType = image.png; path = "moon5@3x.png"; sourceTree = "<group>"; };
		6E7C87302DAE5E73000D3393 /* moon6.png */ = {isa = PBXFileReference; lastKnownFileType = image.png; path = moon6.png; sourceTree = "<group>"; };
		6E7C87312DAE5E73000D3393 /* moon6_90x90.png */ = {isa = PBXFileReference; lastKnownFileType = image.png; path = moon6_90x90.png; sourceTree = "<group>"; };
		6E7C87322DAE5E73000D3393 /* moon6_90x90@2x.png */ = {isa = PBXFileReference; lastKnownFileType = image.png; path = "moon6_90x90@2x.png"; sourceTree = "<group>"; };
		6E7C87332DAE5E73000D3393 /* moon6@2x.png */ = {isa = PBXFileReference; lastKnownFileType = image.png; path = "moon6@2x.png"; sourceTree = "<group>"; };
		6E7C87342DAE5E73000D3393 /* moon6@3x.png */ = {isa = PBXFileReference; lastKnownFileType = image.png; path = "moon6@3x.png"; sourceTree = "<group>"; };
		6E7C87352DAE5E73000D3393 /* moon7.png */ = {isa = PBXFileReference; lastKnownFileType = image.png; path = moon7.png; sourceTree = "<group>"; };
		6E7C87362DAE5E73000D3393 /* moon7_90x90.png */ = {isa = PBXFileReference; lastKnownFileType = image.png; path = moon7_90x90.png; sourceTree = "<group>"; };
		6E7C87372DAE5E73000D3393 /* moon7_90x90@2x.png */ = {isa = PBXFileReference; lastKnownFileType = image.png; path = "moon7_90x90@2x.png"; sourceTree = "<group>"; };
		6E7C87382DAE5E73000D3393 /* moon7@2x.png */ = {isa = PBXFileReference; lastKnownFileType = image.png; path = "moon7@2x.png"; sourceTree = "<group>"; };
		6E7C87392DAE5E73000D3393 /* moon7@3x.png */ = {isa = PBXFileReference; lastKnownFileType = image.png; path = "moon7@3x.png"; sourceTree = "<group>"; };
		6E7C873A2DAE5E73000D3393 /* moon8.png */ = {isa = PBXFileReference; lastKnownFileType = image.png; path = moon8.png; sourceTree = "<group>"; };
		6E7C873B2DAE5E73000D3393 /* moon8_90x90.png */ = {isa = PBXFileReference; lastKnownFileType = image.png; path = moon8_90x90.png; sourceTree = "<group>"; };
		6E7C873C2DAE5E73000D3393 /* moon8_90x90@2x.png */ = {isa = PBXFileReference; lastKnownFileType = image.png; path = "moon8_90x90@2x.png"; sourceTree = "<group>"; };
		6E7C873D2DAE5E73000D3393 /* moon8@2x.png */ = {isa = PBXFileReference; lastKnownFileType = image.png; path = "moon8@2x.png"; sourceTree = "<group>"; };
		6E7C873E2DAE5E73000D3393 /* moon8@3x.png */ = {isa = PBXFileReference; lastKnownFileType = image.png; path = "moon8@3x.png"; sourceTree = "<group>"; };
		6E7C873F2DAE5E73000D3393 /* moon9.png */ = {isa = PBXFileReference; lastKnownFileType = image.png; path = moon9.png; sourceTree = "<group>"; };
		6E7C87402DAE5E73000D3393 /* moon9_90x90.png */ = {isa = PBXFileReference; lastKnownFileType = image.png; path = moon9_90x90.png; sourceTree = "<group>"; };
		6E7C87412DAE5E73000D3393 /* moon9_90x90@2x.png */ = {isa = PBXFileReference; lastKnownFileType = image.png; path = "moon9_90x90@2x.png"; sourceTree = "<group>"; };
		6E7C87422DAE5E73000D3393 /* moon9@2x.png */ = {isa = PBXFileReference; lastKnownFileType = image.png; path = "moon9@2x.png"; sourceTree = "<group>"; };
		6E7C87432DAE5E73000D3393 /* moon9@3x.png */ = {isa = PBXFileReference; lastKnownFileType = image.png; path = "moon9@3x.png"; sourceTree = "<group>"; };
		6E7C87442DAE5E73000D3393 /* moon10.png */ = {isa = PBXFileReference; lastKnownFileType = image.png; path = moon10.png; sourceTree = "<group>"; };
		6E7C87452DAE5E73000D3393 /* moon10_90x90.png */ = {isa = PBXFileReference; lastKnownFileType = image.png; path = moon10_90x90.png; sourceTree = "<group>"; };
		6E7C87462DAE5E73000D3393 /* moon10_90x90@2x.png */ = {isa = PBXFileReference; lastKnownFileType = image.png; path = "moon10_90x90@2x.png"; sourceTree = "<group>"; };
		6E7C87472DAE5E73000D3393 /* moon10@2x.png */ = {isa = PBXFileReference; lastKnownFileType = image.png; path = "moon10@2x.png"; sourceTree = "<group>"; };
		6E7C87482DAE5E73000D3393 /* moon10@3x.png */ = {isa = PBXFileReference; lastKnownFileType = image.png; path = "moon10@3x.png"; sourceTree = "<group>"; };
		6E7C87492DAE5E73000D3393 /* moon11.png */ = {isa = PBXFileReference; lastKnownFileType = image.png; path = moon11.png; sourceTree = "<group>"; };
		6E7C874A2DAE5E73000D3393 /* moon11_90x90.png */ = {isa = PBXFileReference; lastKnownFileType = image.png; path = moon11_90x90.png; sourceTree = "<group>"; };
		6E7C874B2DAE5E73000D3393 /* moon11_90x90@2x.png */ = {isa = PBXFileReference; lastKnownFileType = image.png; path = "moon11_90x90@2x.png"; sourceTree = "<group>"; };
		6E7C874C2DAE5E73000D3393 /* moon11@2x.png */ = {isa = PBXFileReference; lastKnownFileType = image.png; path = "moon11@2x.png"; sourceTree = "<group>"; };
		6E7C874D2DAE5E73000D3393 /* moon11@3x.png */ = {isa = PBXFileReference; lastKnownFileType = image.png; path = "moon11@3x.png"; sourceTree = "<group>"; };
		6E7C874E2DAE5E73000D3393 /* moon12.png */ = {isa = PBXFileReference; lastKnownFileType = image.png; path = moon12.png; sourceTree = "<group>"; };
		6E7C874F2DAE5E73000D3393 /* moon12_90x90.png */ = {isa = PBXFileReference; lastKnownFileType = image.png; path = moon12_90x90.png; sourceTree = "<group>"; };
		6E7C87502DAE5E73000D3393 /* moon12_90x90@2x.png */ = {isa = PBXFileReference; lastKnownFileType = image.png; path = "moon12_90x90@2x.png"; sourceTree = "<group>"; };
		6E7C87512DAE5E73000D3393 /* moon12@2x.png */ = {isa = PBXFileReference; lastKnownFileType = image.png; path = "moon12@2x.png"; sourceTree = "<group>"; };
		6E7C87522DAE5E73000D3393 /* moon12@3x.png */ = {isa = PBXFileReference; lastKnownFileType = image.png; path = "moon12@3x.png"; sourceTree = "<group>"; };
		6E7C87532DAE5E73000D3393 /* moon13.png */ = {isa = PBXFileReference; lastKnownFileType = image.png; path = moon13.png; sourceTree = "<group>"; };
		6E7C87542DAE5E73000D3393 /* moon13_90x90.png */ = {isa = PBXFileReference; lastKnownFileType = image.png; path = moon13_90x90.png; sourceTree = "<group>"; };
		6E7C87552DAE5E73000D3393 /* moon13_90x90@2x.png */ = {isa = PBXFileReference; lastKnownFileType = image.png; path = "moon13_90x90@2x.png"; sourceTree = "<group>"; };
		6E7C87562DAE5E73000D3393 /* moon13@2x.png */ = {isa = PBXFileReference; lastKnownFileType = image.png; path = "moon13@2x.png"; sourceTree = "<group>"; };
		6E7C87572DAE5E73000D3393 /* moon13@3x.png */ = {isa = PBXFileReference; lastKnownFileType = image.png; path = "moon13@3x.png"; sourceTree = "<group>"; };
		6E7C87582DAE5E73000D3393 /* moon14.png */ = {isa = PBXFileReference; lastKnownFileType = image.png; path = moon14.png; sourceTree = "<group>"; };
		6E7C87592DAE5E73000D3393 /* moon14_90x90.png */ = {isa = PBXFileReference; lastKnownFileType = image.png; path = moon14_90x90.png; sourceTree = "<group>"; };
		6E7C875A2DAE5E73000D3393 /* moon14_90x90@2x.png */ = {isa = PBXFileReference; lastKnownFileType = image.png; path = "moon14_90x90@2x.png"; sourceTree = "<group>"; };
		6E7C875B2DAE5E73000D3393 /* moon14@2x.png */ = {isa = PBXFileReference; lastKnownFileType = image.png; path = "moon14@2x.png"; sourceTree = "<group>"; };
		6E7C875C2DAE5E73000D3393 /* moon14@3x.png */ = {isa = PBXFileReference; lastKnownFileType = image.png; path = "moon14@3x.png"; sourceTree = "<group>"; };
		6E7C875D2DAE5E73000D3393 /* moon15.png */ = {isa = PBXFileReference; lastKnownFileType = image.png; path = moon15.png; sourceTree = "<group>"; };
		6E7C875E2DAE5E73000D3393 /* moon15_90x90.png */ = {isa = PBXFileReference; lastKnownFileType = image.png; path = moon15_90x90.png; sourceTree = "<group>"; };
		6E7C875F2DAE5E73000D3393 /* moon15_90x90@2x.png */ = {isa = PBXFileReference; lastKnownFileType = image.png; path = "moon15_90x90@2x.png"; sourceTree = "<group>"; };
		6E7C87602DAE5E73000D3393 /* moon15@2x.png */ = {isa = PBXFileReference; lastKnownFileType = image.png; path = "moon15@2x.png"; sourceTree = "<group>"; };
		6E7C87612DAE5E73000D3393 /* moon15@3x.png */ = {isa = PBXFileReference; lastKnownFileType = image.png; path = "moon15@3x.png"; sourceTree = "<group>"; };
		6E7C87622DAE5E73000D3393 /* moon16.png */ = {isa = PBXFileReference; lastKnownFileType = image.png; path = moon16.png; sourceTree = "<group>"; };
		6E7C87632DAE5E73000D3393 /* moon16_90x90.png */ = {isa = PBXFileReference; lastKnownFileType = image.png; path = moon16_90x90.png; sourceTree = "<group>"; };
		6E7C87642DAE5E73000D3393 /* moon16_90x90@2x.png */ = {isa = PBXFileReference; lastKnownFileType = image.png; path = "moon16_90x90@2x.png"; sourceTree = "<group>"; };
		6E7C87652DAE5E73000D3393 /* moon16@2x.png */ = {isa = PBXFileReference; lastKnownFileType = image.png; path = "moon16@2x.png"; sourceTree = "<group>"; };
		6E7C87662DAE5E73000D3393 /* moon16@3x.png */ = {isa = PBXFileReference; lastKnownFileType = image.png; path = "moon16@3x.png"; sourceTree = "<group>"; };
		6E7C87672DAE5E73000D3393 /* moon17.png */ = {isa = PBXFileReference; lastKnownFileType = image.png; path = moon17.png; sourceTree = "<group>"; };
		6E7C87682DAE5E73000D3393 /* moon17_90x90.png */ = {isa = PBXFileReference; lastKnownFileType = image.png; path = moon17_90x90.png; sourceTree = "<group>"; };
		6E7C87692DAE5E73000D3393 /* moon17_90x90@2x.png */ = {isa = PBXFileReference; lastKnownFileType = image.png; path = "moon17_90x90@2x.png"; sourceTree = "<group>"; };
		6E7C876A2DAE5E73000D3393 /* moon17@2x.png */ = {isa = PBXFileReference; lastKnownFileType = image.png; path = "moon17@2x.png"; sourceTree = "<group>"; };
		6E7C876B2DAE5E73000D3393 /* moon17@3x.png */ = {isa = PBXFileReference; lastKnownFileType = image.png; path = "moon17@3x.png"; sourceTree = "<group>"; };
		6E7C876C2DAE5E73000D3393 /* moon18.png */ = {isa = PBXFileReference; lastKnownFileType = image.png; path = moon18.png; sourceTree = "<group>"; };
		6E7C876D2DAE5E73000D3393 /* moon18_90x90.png */ = {isa = PBXFileReference; lastKnownFileType = image.png; path = moon18_90x90.png; sourceTree = "<group>"; };
		6E7C876E2DAE5E73000D3393 /* moon18_90x90@2x.png */ = {isa = PBXFileReference; lastKnownFileType = image.png; path = "moon18_90x90@2x.png"; sourceTree = "<group>"; };
		6E7C876F2DAE5E73000D3393 /* moon18@2x.png */ = {isa = PBXFileReference; lastKnownFileType = image.png; path = "moon18@2x.png"; sourceTree = "<group>"; };
		6E7C87702DAE5E73000D3393 /* moon18@3x.png */ = {isa = PBXFileReference; lastKnownFileType = image.png; path = "moon18@3x.png"; sourceTree = "<group>"; };
		6E7C87712DAE5E73000D3393 /* moon19.png */ = {isa = PBXFileReference; lastKnownFileType = image.png; path = moon19.png; sourceTree = "<group>"; };
		6E7C87722DAE5E73000D3393 /* moon19_90x90.png */ = {isa = PBXFileReference; lastKnownFileType = image.png; path = moon19_90x90.png; sourceTree = "<group>"; };
		6E7C87732DAE5E73000D3393 /* moon19_90x90@2x.png */ = {isa = PBXFileReference; lastKnownFileType = image.png; path = "moon19_90x90@2x.png"; sourceTree = "<group>"; };
		6E7C87742DAE5E73000D3393 /* moon19@2x.png */ = {isa = PBXFileReference; lastKnownFileType = image.png; path = "moon19@2x.png"; sourceTree = "<group>"; };
		6E7C87752DAE5E73000D3393 /* moon19@3x.png */ = {isa = PBXFileReference; lastKnownFileType = image.png; path = "moon19@3x.png"; sourceTree = "<group>"; };
		6E7C87762DAE5E73000D3393 /* moon20.png */ = {isa = PBXFileReference; lastKnownFileType = image.png; path = moon20.png; sourceTree = "<group>"; };
		6E7C87772DAE5E73000D3393 /* moon20_90x90.png */ = {isa = PBXFileReference; lastKnownFileType = image.png; path = moon20_90x90.png; sourceTree = "<group>"; };
		6E7C87782DAE5E73000D3393 /* moon20_90x90@2x.png */ = {isa = PBXFileReference; lastKnownFileType = image.png; path = "moon20_90x90@2x.png"; sourceTree = "<group>"; };
		6E7C87792DAE5E73000D3393 /* moon20@2x.png */ = {isa = PBXFileReference; lastKnownFileType = image.png; path = "moon20@2x.png"; sourceTree = "<group>"; };
		6E7C877A2DAE5E73000D3393 /* moon20@3x.png */ = {isa = PBXFileReference; lastKnownFileType = image.png; path = "moon20@3x.png"; sourceTree = "<group>"; };
		6E7C877B2DAE5E73000D3393 /* moon21.png */ = {isa = PBXFileReference; lastKnownFileType = image.png; path = moon21.png; sourceTree = "<group>"; };
		6E7C877C2DAE5E73000D3393 /* moon21_90x90.png */ = {isa = PBXFileReference; lastKnownFileType = image.png; path = moon21_90x90.png; sourceTree = "<group>"; };
		6E7C877D2DAE5E73000D3393 /* moon21_90x90@2x.png */ = {isa = PBXFileReference; lastKnownFileType = image.png; path = "moon21_90x90@2x.png"; sourceTree = "<group>"; };
		6E7C877E2DAE5E73000D3393 /* moon21@2x.png */ = {isa = PBXFileReference; lastKnownFileType = image.png; path = "moon21@2x.png"; sourceTree = "<group>"; };
		6E7C877F2DAE5E73000D3393 /* moon21@3x.png */ = {isa = PBXFileReference; lastKnownFileType = image.png; path = "moon21@3x.png"; sourceTree = "<group>"; };
		6E7C87802DAE5E73000D3393 /* moon22.png */ = {isa = PBXFileReference; lastKnownFileType = image.png; path = moon22.png; sourceTree = "<group>"; };
		6E7C87812DAE5E73000D3393 /* moon22_90x90.png */ = {isa = PBXFileReference; lastKnownFileType = image.png; path = moon22_90x90.png; sourceTree = "<group>"; };
		6E7C87822DAE5E73000D3393 /* moon22_90x90@2x.png */ = {isa = PBXFileReference; lastKnownFileType = image.png; path = "moon22_90x90@2x.png"; sourceTree = "<group>"; };
		6E7C87832DAE5E73000D3393 /* moon22@2x.png */ = {isa = PBXFileReference; lastKnownFileType = image.png; path = "moon22@2x.png"; sourceTree = "<group>"; };
		6E7C87842DAE5E73000D3393 /* moon22@3x.png */ = {isa = PBXFileReference; lastKnownFileType = image.png; path = "moon22@3x.png"; sourceTree = "<group>"; };
		6E7C87852DAE5E73000D3393 /* moon23.png */ = {isa = PBXFileReference; lastKnownFileType = image.png; path = moon23.png; sourceTree = "<group>"; };
		6E7C87862DAE5E73000D3393 /* moon23_90x90.png */ = {isa = PBXFileReference; lastKnownFileType = image.png; path = moon23_90x90.png; sourceTree = "<group>"; };
		6E7C87872DAE5E73000D3393 /* moon23_90x90@2x.png */ = {isa = PBXFileReference; lastKnownFileType = image.png; path = "moon23_90x90@2x.png"; sourceTree = "<group>"; };
		6E7C87882DAE5E73000D3393 /* moon23@2x.png */ = {isa = PBXFileReference; lastKnownFileType = image.png; path = "moon23@2x.png"; sourceTree = "<group>"; };
		6E7C87892DAE5E73000D3393 /* moon23@3x.png */ = {isa = PBXFileReference; lastKnownFileType = image.png; path = "moon23@3x.png"; sourceTree = "<group>"; };
		6E7C878A2DAE5E73000D3393 /* moon24.png */ = {isa = PBXFileReference; lastKnownFileType = image.png; path = moon24.png; sourceTree = "<group>"; };
		6E7C878B2DAE5E73000D3393 /* moon24_90x90.png */ = {isa = PBXFileReference; lastKnownFileType = image.png; path = moon24_90x90.png; sourceTree = "<group>"; };
		6E7C878C2DAE5E73000D3393 /* moon24_90x90@2x.png */ = {isa = PBXFileReference; lastKnownFileType = image.png; path = "moon24_90x90@2x.png"; sourceTree = "<group>"; };
		6E7C878D2DAE5E73000D3393 /* moon24@2x.png */ = {isa = PBXFileReference; lastKnownFileType = image.png; path = "moon24@2x.png"; sourceTree = "<group>"; };
		6E7C878E2DAE5E73000D3393 /* moon24@3x.png */ = {isa = PBXFileReference; lastKnownFileType = image.png; path = "moon24@3x.png"; sourceTree = "<group>"; };
		6E7C878F2DAE5E73000D3393 /* moon25.png */ = {isa = PBXFileReference; lastKnownFileType = image.png; path = moon25.png; sourceTree = "<group>"; };
		6E7C87902DAE5E73000D3393 /* moon25_90x90.png */ = {isa = PBXFileReference; lastKnownFileType = image.png; path = moon25_90x90.png; sourceTree = "<group>"; };
		6E7C87912DAE5E73000D3393 /* moon25_90x90@2x.png */ = {isa = PBXFileReference; lastKnownFileType = image.png; path = "moon25_90x90@2x.png"; sourceTree = "<group>"; };
		6E7C87922DAE5E73000D3393 /* moon25@2x.png */ = {isa = PBXFileReference; lastKnownFileType = image.png; path = "moon25@2x.png"; sourceTree = "<group>"; };
		6E7C87932DAE5E73000D3393 /* moon25@3x.png */ = {isa = PBXFileReference; lastKnownFileType = image.png; path = "moon25@3x.png"; sourceTree = "<group>"; };
		6E7C87942DAE5E73000D3393 /* moon26.png */ = {isa = PBXFileReference; lastKnownFileType = image.png; path = moon26.png; sourceTree = "<group>"; };
		6E7C87952DAE5E73000D3393 /* moon26_90x90.png */ = {isa = PBXFileReference; lastKnownFileType = image.png; path = moon26_90x90.png; sourceTree = "<group>"; };
		6E7C87962DAE5E73000D3393 /* moon26_90x90@2x.png */ = {isa = PBXFileReference; lastKnownFileType = image.png; path = "moon26_90x90@2x.png"; sourceTree = "<group>"; };
		6E7C87972DAE5E73000D3393 /* moon26-2.png */ = {isa = PBXFileReference; lastKnownFileType = image.png; path = "moon26-2.png"; sourceTree = "<group>"; };
		6E7C87982DAE5E73000D3393 /* moon26-2@2x.png */ = {isa = PBXFileReference; lastKnownFileType = image.png; path = "moon26-2@2x.png"; sourceTree = "<group>"; };
		6E7C87992DAE5E73000D3393 /* moon26-2@3x.png */ = {isa = PBXFileReference; lastKnownFileType = image.png; path = "moon26-2@3x.png"; sourceTree = "<group>"; };
		6E7C879A2DAE5E73000D3393 /* moon26@2x.png */ = {isa = PBXFileReference; lastKnownFileType = image.png; path = "moon26@2x.png"; sourceTree = "<group>"; };
		6E7C879B2DAE5E73000D3393 /* moon26@3x.png */ = {isa = PBXFileReference; lastKnownFileType = image.png; path = "moon26@3x.png"; sourceTree = "<group>"; };
		6E7C879C2DAE5E73000D3393 /* moon27.png */ = {isa = PBXFileReference; lastKnownFileType = image.png; path = moon27.png; sourceTree = "<group>"; };
		6E7C879D2DAE5E73000D3393 /* moon27_90x90.png */ = {isa = PBXFileReference; lastKnownFileType = image.png; path = moon27_90x90.png; sourceTree = "<group>"; };
		6E7C879E2DAE5E73000D3393 /* moon27_90x90@2x.png */ = {isa = PBXFileReference; lastKnownFileType = image.png; path = "moon27_90x90@2x.png"; sourceTree = "<group>"; };
		6E7C879F2DAE5E73000D3393 /* moon27@2x.png */ = {isa = PBXFileReference; lastKnownFileType = image.png; path = "moon27@2x.png"; sourceTree = "<group>"; };
		6E7C87A02DAE5E73000D3393 /* moon27@3x.png */ = {isa = PBXFileReference; lastKnownFileType = image.png; path = "moon27@3x.png"; sourceTree = "<group>"; };
		6E7C87A12DAE5E73000D3393 /* moon28.png */ = {isa = PBXFileReference; lastKnownFileType = image.png; path = moon28.png; sourceTree = "<group>"; };
		6E7C87A22DAE5E73000D3393 /* moon28_90x90.png */ = {isa = PBXFileReference; lastKnownFileType = image.png; path = moon28_90x90.png; sourceTree = "<group>"; };
		6E7C87A32DAE5E73000D3393 /* moon28_90x90@2x.png */ = {isa = PBXFileReference; lastKnownFileType = image.png; path = "moon28_90x90@2x.png"; sourceTree = "<group>"; };
		6E7C87A42DAE5E73000D3393 /* moon28@2x.png */ = {isa = PBXFileReference; lastKnownFileType = image.png; path = "moon28@2x.png"; sourceTree = "<group>"; };
		6E7C87A52DAE5E73000D3393 /* moon28@3x.png */ = {isa = PBXFileReference; lastKnownFileType = image.png; path = "moon28@3x.png"; sourceTree = "<group>"; };
		6E7C87A62DAE5E73000D3393 /* moon29.png */ = {isa = PBXFileReference; lastKnownFileType = image.png; path = moon29.png; sourceTree = "<group>"; };
		6E7C87A72DAE5E73000D3393 /* moon29_90x90.png */ = {isa = PBXFileReference; lastKnownFileType = image.png; path = moon29_90x90.png; sourceTree = "<group>"; };
		6E7C87A82DAE5E73000D3393 /* moon29_90x90@2x.png */ = {isa = PBXFileReference; lastKnownFileType = image.png; path = "moon29_90x90@2x.png"; sourceTree = "<group>"; };
		6E7C87A92DAE5E73000D3393 /* moon29@2x.png */ = {isa = PBXFileReference; lastKnownFileType = image.png; path = "moon29@2x.png"; sourceTree = "<group>"; };
		6E7C87AA2DAE5E73000D3393 /* moon29@3x.png */ = {isa = PBXFileReference; lastKnownFileType = image.png; path = "moon29@3x.png"; sourceTree = "<group>"; };
		6E7C87AB2DAE5E73000D3393 /* moon30.png */ = {isa = PBXFileReference; lastKnownFileType = image.png; path = moon30.png; sourceTree = "<group>"; };
		6E7C87AC2DAE5E73000D3393 /* moon30_90x90.png */ = {isa = PBXFileReference; lastKnownFileType = image.png; path = moon30_90x90.png; sourceTree = "<group>"; };
		6E7C87AD2DAE5E73000D3393 /* moon30_90x90@2x.png */ = {isa = PBXFileReference; lastKnownFileType = image.png; path = "moon30_90x90@2x.png"; sourceTree = "<group>"; };
		6E7C87AE2DAE5E73000D3393 /* moon30@2x.png */ = {isa = PBXFileReference; lastKnownFileType = image.png; path = "moon30@2x.png"; sourceTree = "<group>"; };
		6E7C87AF2DAE5E73000D3393 /* moon30@3x.png */ = {isa = PBXFileReference; lastKnownFileType = image.png; path = "moon30@3x.png"; sourceTree = "<group>"; };
		6E7C87B02DAE5E73000D3393 /* MyNavigationController.swift */ = {isa = PBXFileReference; lastKnownFileType = sourcecode.swift; path = MyNavigationController.swift; sourceTree = "<group>"; };
		6E7C87B12DAE5E73000D3393 /* ScheduleViewController.swift */ = {isa = PBXFileReference; lastKnownFileType = sourcecode.swift; path = ScheduleViewController.swift; sourceTree = "<group>"; };
		6E7C87B22DAE5E73000D3393 /* SecondViewContoller.swift */ = {isa = PBXFileReference; lastKnownFileType = sourcecode.swift; path = SecondViewContoller.swift; sourceTree = "<group>"; };
		6E7C87B32DAE5E73000D3393 /* SecondViewController.storyboard */ = {isa = PBXFileReference; lastKnownFileType = file.storyboard; path = SecondViewController.storyboard; sourceTree = "<group>"; };
		6E7C87B42DAE5E73000D3393 /* SecondViewController2.storyboard */ = {isa = PBXFileReference; lastKnownFileType = file.storyboard; path = SecondViewController2.storyboard; sourceTree = "<group>"; };
		6E7C87B52DAE5E73000D3393 /* SingletonClass.swift */ = {isa = PBXFileReference; lastKnownFileType = sourcecode.swift; path = SingletonClass.swift; sourceTree = "<group>"; };
		6E7C87B62DAE5E73000D3393 /* TabBarController.storyboard */ = {isa = PBXFileReference; lastKnownFileType = file.storyboard; path = TabBarController.storyboard; sourceTree = "<group>"; };
		6E7C87B72DAE5E73000D3393 /* UserConfigViewController.swift */ = {isa = PBXFileReference; lastKnownFileType = sourcecode.swift; path = UserConfigViewController.swift; sourceTree = "<group>"; };
		6E7C87B82DAE5E73000D3393 /* ViewController.swift */ = {isa = PBXFileReference; lastKnownFileType = sourcecode.swift; path = ViewController.swift; sourceTree = "<group>"; };
		DE3BE56E1A5EDA2700C49B3C /* DeviseSize.swift */ = {isa = PBXFileReference; fileEncoding = 4; lastKnownFileType = sourcecode.swift; path = DeviseSize.swift; sourceTree = "<group>"; };
		DEA4E48E1A2B03F100601B26 /* QuartzCore.framework */ = {isa = PBXFileReference; lastKnownFileType = wrapper.framework; name = QuartzCore.framework; path = System/Library/Frameworks/QuartzCore.framework; sourceTree = SDKROOT; };
		DEA5389D1A2A0AE30092DCBA /* handmadeCalenderSampleOfSwift.app */ = {isa = PBXFileReference; explicitFileType = wrapper.application; includeInIndex = 0; path = handmadeCalenderSampleOfSwift.app; sourceTree = BUILT_PRODUCTS_DIR; };
		DEA538A11A2A0AE30092DCBA /* Info.plist */ = {isa = PBXFileReference; lastKnownFileType = text.plist.xml; path = Info.plist; sourceTree = "<group>"; };
		DEA538A21A2A0AE30092DCBA /* AppDelegate.swift */ = {isa = PBXFileReference; lastKnownFileType = sourcecode.swift; path = AppDelegate.swift; sourceTree = "<group>"; };
		DEA538A41A2A0AE30092DCBA /* ViewController.swift */ = {isa = PBXFileReference; lastKnownFileType = sourcecode.swift; path = ViewController.swift; sourceTree = "<group>"; };
		DEA538A71A2A0AE40092DCBA /* Base */ = {isa = PBXFileReference; lastKnownFileType = file.storyboard; name = Base; path = Base.lproj/Main.storyboard; sourceTree = "<group>"; };
		DEA538A91A2A0AE40092DCBA /* Images.xcassets */ = {isa = PBXFileReference; lastKnownFileType = folder.assetcatalog; path = Images.xcassets; sourceTree = "<group>"; };
		DEA538AC1A2A0AE40092DCBA /* Base */ = {isa = PBXFileReference; lastKnownFileType = file.xib; name = Base; path = Base.lproj/LaunchScreen.xib; sourceTree = "<group>"; };
		DEA538B21A2A0AE40092DCBA /* handmadeCalenderSampleOfSwiftTests.xctest */ = {isa = PBXFileReference; explicitFileType = wrapper.cfbundle; includeInIndex = 0; path = handmadeCalenderSampleOfSwiftTests.xctest; sourceTree = BUILT_PRODUCTS_DIR; };
		DEA538B71A2A0AE40092DCBA /* Info.plist */ = {isa = PBXFileReference; lastKnownFileType = text.plist.xml; path = Info.plist; sourceTree = "<group>"; };
		DEA538B81A2A0AE40092DCBA /* handmadeCalenderSampleOfSwiftTests.swift */ = {isa = PBXFileReference; lastKnownFileType = sourcecode.swift; path = handmadeCalenderSampleOfSwiftTests.swift; sourceTree = "<group>"; };
/* End PBXFileReference section */

/* Begin PBXFrameworksBuildPhase section */
		DEA5389A1A2A0AE30092DCBA /* Frameworks */ = {
			isa = PBXFrameworksBuildPhase;
			buildActionMask = 2147483647;
			files = (
				DEA4E48F1A2B03F100601B26 /* QuartzCore.framework in Frameworks */,
			);
			runOnlyForDeploymentPostprocessing = 0;
		};
		DEA538AF1A2A0AE40092DCBA /* Frameworks */ = {
			isa = PBXFrameworksBuildPhase;
			buildActionMask = 2147483647;
			files = (
			);
			runOnlyForDeploymentPostprocessing = 0;
		};
/* End PBXFrameworksBuildPhase section */

/* Begin PBXGroup section */
		6E7C87062DAE5E73000D3393 /* Base.lproj */ = {
			isa = PBXGroup;
			children = (
				6E7C87032DAE5E73000D3393 /* LaunchScreen.xib */,
				6E7C87052DAE5E73000D3393 /* Main.storyboard */,
			);
			path = Base.lproj;
			sourceTree = "<group>";
		};
		DEA538941A2A0AE30092DCBA = {
			isa = PBXGroup;
			children = (
				DEA4E48E1A2B03F100601B26 /* QuartzCore.framework */,
				DEA5389F1A2A0AE30092DCBA /* handmadeCalenderSampleOfSwift */,
				DEA538B51A2A0AE40092DCBA /* handmadeCalenderSampleOfSwiftTests */,
				DEA5389E1A2A0AE30092DCBA /* Products */,
			);
			sourceTree = "<group>";
		};
		DEA5389E1A2A0AE30092DCBA /* Products */ = {
			isa = PBXGroup;
			children = (
				DEA5389D1A2A0AE30092DCBA /* handmadeCalenderSampleOfSwift.app */,
				DEA538B21A2A0AE40092DCBA /* handmadeCalenderSampleOfSwiftTests.xctest */,
			);
			name = Products;
			sourceTree = "<group>";
		};
		DEA5389F1A2A0AE30092DCBA /* handmadeCalenderSampleOfSwift */ = {
			isa = PBXGroup;
			children = (
				DEA538A21A2A0AE30092DCBA /* AppDelegate.swift */,
				DE3BE56E1A5EDA2700C49B3C /* DeviseSize.swift */,
				DEA538A41A2A0AE30092DCBA /* ViewController.swift */,
				DEA538A61A2A0AE40092DCBA /* Main.storyboard */,
				DEA538A91A2A0AE40092DCBA /* Images.xcassets */,
				DEA538AB1A2A0AE40092DCBA /* LaunchScreen.xib */,
				DEA538A01A2A0AE30092DCBA /* Supporting Files */,
				6E7C86FD2DAE5E73000D3393 /* AncientCalendarConverter.swift */,
				6E7C86FE2DAE5E73000D3393 /* AncientCalendarConverter2.swift */,
				6E7C86FF2DAE5E73000D3393 /* AncientCalnedar_icon1024_3_p.png */,
				6E7C87002DAE5E73000D3393 /* AncientCalnedar_icon1024_p.png */,
				6E7C87012DAE5E73000D3393 /* AppDelegate.swift */,
				6E7C87062DAE5E73000D3393 /* Base.lproj */,
				6E7C87072DAE5E73000D3393 /* CalendarChangeViewController.swift */,
				6E7C87082DAE5E73000D3393 /* CalendarConverter.swift */,
				6E7C87092DAE5E73000D3393 /* CalendarDetailViewController.swift */,
				6E7C870A2DAE5E73000D3393 /* CalendarListViewController.swift */,
				6E7C870B2DAE5E73000D3393 /* CalendarManager.swift */,
				6E7C870C2DAE5E73000D3393 /* CalendarView.swift */,
				6E7C870D2DAE5E73000D3393 /* Constants.swift */,
				6E7C870E2DAE5E73000D3393 /* CustomButton.swift */,
				6E7C870F2DAE5E73000D3393 /* Day.swift */,
				6E7C87102DAE5E73000D3393 /* Designer.swift */,
				6E7C87112DAE5E73000D3393 /* DeviseSize.swift */,
				6E7C87122DAE5E73000D3393 /* FirstViewController.swift */,
				6E7C87132DAE5E73000D3393 /* Images.xcassets */,
				6E7C87152DAE5E73000D3393 /* moon0_90x90.png */,
				6E7C87162DAE5E73000D3393 /* moon0_90x90@2x.png */,
				6E7C87172DAE5E73000D3393 /* moon1.png */,
				6E7C87182DAE5E73000D3393 /* moon1_90x90.png */,
				6E7C87192DAE5E73000D3393 /* moon1_90x90@2x.png */,
				6E7C871A2DAE5E73000D3393 /* moon1@2x.png */,
				6E7C871B2DAE5E73000D3393 /* moon1@3x.png */,
				6E7C871C2DAE5E73000D3393 /* moon2.png */,
				6E7C871D2DAE5E73000D3393 /* moon2_90x90.png */,
				6E7C871E2DAE5E73000D3393 /* moon2_90x90@2x.png */,
				6E7C871F2DAE5E73000D3393 /* moon2@2x.png */,
				6E7C87202DAE5E73000D3393 /* moon2@3x.png */,
				6E7C87212DAE5E73000D3393 /* moon3.png */,
				6E7C87222DAE5E73000D3393 /* moon3_90x90.png */,
				6E7C87232DAE5E73000D3393 /* moon3_90x90@2x.png */,
				6E7C87242DAE5E73000D3393 /* moon3@2x.png */,
				6E7C87252DAE5E73000D3393 /* moon3@3x.png */,
				6E7C87262DAE5E73000D3393 /* moon4.png */,
				6E7C87272DAE5E73000D3393 /* moon4_90x90.png */,
				6E7C87282DAE5E73000D3393 /* moon4_90x90@2x.png */,
				6E7C87292DAE5E73000D3393 /* moon4@2x.png */,
				6E7C872A2DAE5E73000D3393 /* moon4@3x.png */,
				6E7C872B2DAE5E73000D3393 /* moon5.png */,
				6E7C872C2DAE5E73000D3393 /* moon5_90x90.png */,
				6E7C872D2DAE5E73000D3393 /* moon5_90x90@2x.png */,
				6E7C872E2DAE5E73000D3393 /* moon5@2x.png */,
				6E7C872F2DAE5E73000D3393 /* moon5@3x.png */,
				6E7C87302DAE5E73000D3393 /* moon6.png */,
				6E7C87312DAE5E73000D3393 /* moon6_90x90.png */,
				6E7C87322DAE5E73000D3393 /* moon6_90x90@2x.png */,
				6E7C87332DAE5E73000D3393 /* moon6@2x.png */,
				6E7C87342DAE5E73000D3393 /* moon6@3x.png */,
				6E7C87352DAE5E73000D3393 /* moon7.png */,
				6E7C87362DAE5E73000D3393 /* moon7_90x90.png */,
				6E7C87372DAE5E73000D3393 /* moon7_90x90@2x.png */,
				6E7C87382DAE5E73000D3393 /* moon7@2x.png */,
				6E7C87392DAE5E73000D3393 /* moon7@3x.png */,
				6E7C873A2DAE5E73000D3393 /* moon8.png */,
				6E7C873B2DAE5E73000D3393 /* moon8_90x90.png */,
				6E7C873C2DAE5E73000D3393 /* moon8_90x90@2x.png */,
				6E7C873D2DAE5E73000D3393 /* moon8@2x.png */,
				6E7C873E2DAE5E73000D3393 /* moon8@3x.png */,
				6E7C873F2DAE5E73000D3393 /* moon9.png */,
				6E7C87402DAE5E73000D3393 /* moon9_90x90.png */,
				6E7C87412DAE5E73000D3393 /* moon9_90x90@2x.png */,
				6E7C87422DAE5E73000D3393 /* moon9@2x.png */,
				6E7C87432DAE5E73000D3393 /* moon9@3x.png */,
				6E7C87442DAE5E73000D3393 /* moon10.png */,
				6E7C87452DAE5E73000D3393 /* moon10_90x90.png */,
				6E7C87462DAE5E73000D3393 /* moon10_90x90@2x.png */,
				6E7C87472DAE5E73000D3393 /* moon10@2x.png */,
				6E7C87482DAE5E73000D3393 /* moon10@3x.png */,
				6E7C87492DAE5E73000D3393 /* moon11.png */,
				6E7C874A2DAE5E73000D3393 /* moon11_90x90.png */,
				6E7C874B2DAE5E73000D3393 /* moon11_90x90@2x.png */,
				6E7C874C2DAE5E73000D3393 /* moon11@2x.png */,
				6E7C874D2DAE5E73000D3393 /* moon11@3x.png */,
				6E7C874E2DAE5E73000D3393 /* moon12.png */,
				6E7C874F2DAE5E73000D3393 /* moon12_90x90.png */,
				6E7C87502DAE5E73000D3393 /* moon12_90x90@2x.png */,
				6E7C87512DAE5E73000D3393 /* moon12@2x.png */,
				6E7C87522DAE5E73000D3393 /* moon12@3x.png */,
				6E7C87532DAE5E73000D3393 /* moon13.png */,
				6E7C87542DAE5E73000D3393 /* moon13_90x90.png */,
				6E7C87552DAE5E73000D3393 /* moon13_90x90@2x.png */,
				6E7C87562DAE5E73000D3393 /* moon13@2x.png */,
				6E7C87572DAE5E73000D3393 /* moon13@3x.png */,
				6E7C87582DAE5E73000D3393 /* moon14.png */,
				6E7C87592DAE5E73000D3393 /* moon14_90x90.png */,
				6E7C875A2DAE5E73000D3393 /* moon14_90x90@2x.png */,
				6E7C875B2DAE5E73000D3393 /* moon14@2x.png */,
				6E7C875C2DAE5E73000D3393 /* moon14@3x.png */,
				6E7C875D2DAE5E73000D3393 /* moon15.png */,
				6E7C875E2DAE5E73000D3393 /* moon15_90x90.png */,
				6E7C875F2DAE5E73000D3393 /* moon15_90x90@2x.png */,
				6E7C87602DAE5E73000D3393 /* moon15@2x.png */,
				6E7C87612DAE5E73000D3393 /* moon15@3x.png */,
				6E7C87622DAE5E73000D3393 /* moon16.png */,
				6E7C87632DAE5E73000D3393 /* moon16_90x90.png */,
				6E7C87642DAE5E73000D3393 /* moon16_90x90@2x.png */,
				6E7C87652DAE5E73000D3393 /* moon16@2x.png */,
				6E7C87662DAE5E73000D3393 /* moon16@3x.png */,
				6E7C87672DAE5E73000D3393 /* moon17.png */,
				6E7C87682DAE5E73000D3393 /* moon17_90x90.png */,
				6E7C87692DAE5E73000D3393 /* moon17_90x90@2x.png */,
				6E7C876A2DAE5E73000D3393 /* moon17@2x.png */,
				6E7C876B2DAE5E73000D3393 /* moon17@3x.png */,
				6E7C876C2DAE5E73000D3393 /* moon18.png */,
				6E7C876D2DAE5E73000D3393 /* moon18_90x90.png */,
				6E7C876E2DAE5E73000D3393 /* moon18_90x90@2x.png */,
				6E7C876F2DAE5E73000D3393 /* moon18@2x.png */,
				6E7C87702DAE5E73000D3393 /* moon18@3x.png */,
				6E7C87712DAE5E73000D3393 /* moon19.png */,
				6E7C87722DAE5E73000D3393 /* moon19_90x90.png */,
				6E7C87732DAE5E73000D3393 /* moon19_90x90@2x.png */,
				6E7C87742DAE5E73000D3393 /* moon19@2x.png */,
				6E7C87752DAE5E73000D3393 /* moon19@3x.png */,
				6E7C87762DAE5E73000D3393 /* moon20.png */,
				6E7C87772DAE5E73000D3393 /* moon20_90x90.png */,
				6E7C87782DAE5E73000D3393 /* moon20_90x90@2x.png */,
				6E7C87792DAE5E73000D3393 /* moon20@2x.png */,
				6E7C877A2DAE5E73000D3393 /* moon20@3x.png */,
				6E7C877B2DAE5E73000D3393 /* moon21.png */,
				6E7C877C2DAE5E73000D3393 /* moon21_90x90.png */,
				6E7C877D2DAE5E73000D3393 /* moon21_90x90@2x.png */,
				6E7C877E2DAE5E73000D3393 /* moon21@2x.png */,
				6E7C877F2DAE5E73000D3393 /* moon21@3x.png */,
				6E7C87802DAE5E73000D3393 /* moon22.png */,
				6E7C87812DAE5E73000D3393 /* moon22_90x90.png */,
				6E7C87822DAE5E73000D3393 /* moon22_90x90@2x.png */,
				6E7C87832DAE5E73000D3393 /* moon22@2x.png */,
				6E7C87842DAE5E73000D3393 /* moon22@3x.png */,
				6E7C87852DAE5E73000D3393 /* moon23.png */,
				6E7C87862DAE5E73000D3393 /* moon23_90x90.png */,
				6E7C87872DAE5E73000D3393 /* moon23_90x90@2x.png */,
				6E7C87882DAE5E73000D3393 /* moon23@2x.png */,
				6E7C87892DAE5E73000D3393 /* moon23@3x.png */,
				6E7C878A2DAE5E73000D3393 /* moon24.png */,
				6E7C878B2DAE5E73000D3393 /* moon24_90x90.png */,
				6E7C878C2DAE5E73000D3393 /* moon24_90x90@2x.png */,
				6E7C878D2DAE5E73000D3393 /* moon24@2x.png */,
				6E7C878E2DAE5E73000D3393 /* moon24@3x.png */,
				6E7C878F2DAE5E73000D3393 /* moon25.png */,
				6E7C87902DAE5E73000D3393 /* moon25_90x90.png */,
				6E7C87912DAE5E73000D3393 /* moon25_90x90@2x.png */,
				6E7C87922DAE5E73000D3393 /* moon25@2x.png */,
				6E7C87932DAE5E73000D3393 /* moon25@3x.png */,
				6E7C87942DAE5E73000D3393 /* moon26.png */,
				6E7C87952DAE5E73000D3393 /* moon26_90x90.png */,
				6E7C87962DAE5E73000D3393 /* moon26_90x90@2x.png */,
				6E7C87972DAE5E73000D3393 /* moon26-2.png */,
				6E7C87982DAE5E73000D3393 /* moon26-2@2x.png */,
				6E7C87992DAE5E73000D3393 /* moon26-2@3x.png */,
				6E7C879A2DAE5E73000D3393 /* moon26@2x.png */,
				6E7C879B2DAE5E73000D3393 /* moon26@3x.png */,
				6E7C879C2DAE5E73000D3393 /* moon27.png */,
				6E7C879D2DAE5E73000D3393 /* moon27_90x90.png */,
				6E7C879E2DAE5E73000D3393 /* moon27_90x90@2x.png */,
				6E7C879F2DAE5E73000D3393 /* moon27@2x.png */,
				6E7C87A02DAE5E73000D3393 /* moon27@3x.png */,
				6E7C87A12DAE5E73000D3393 /* moon28.png */,
				6E7C87A22DAE5E73000D3393 /* moon28_90x90.png */,
				6E7C87A32DAE5E73000D3393 /* moon28_90x90@2x.png */,
				6E7C87A42DAE5E73000D3393 /* moon28@2x.png */,
				6E7C87A52DAE5E73000D3393 /* moon28@3x.png */,
				6E7C87A62DAE5E73000D3393 /* moon29.png */,
				6E7C87A72DAE5E73000D3393 /* moon29_90x90.png */,
				6E7C87A82DAE5E73000D3393 /* moon29_90x90@2x.png */,
				6E7C87A92DAE5E73000D3393 /* moon29@2x.png */,
				6E7C87AA2DAE5E73000D3393 /* moon29@3x.png */,
				6E7C87AB2DAE5E73000D3393 /* moon30.png */,
				6E7C87AC2DAE5E73000D3393 /* moon30_90x90.png */,
				6E7C87AD2DAE5E73000D3393 /* moon30_90x90@2x.png */,
				6E7C87AE2DAE5E73000D3393 /* moon30@2x.png */,
				6E7C87AF2DAE5E73000D3393 /* moon30@3x.png */,
				6E7C87B02DAE5E73000D3393 /* MyNavigationController.swift */,
				6E7C87B12DAE5E73000D3393 /* ScheduleViewController.swift */,
				6E7C87B22DAE5E73000D3393 /* SecondViewContoller.swift */,
				6E7C87B32DAE5E73000D3393 /* SecondViewController.storyboard */,
				6E7C87B42DAE5E73000D3393 /* SecondViewController2.storyboard */,
				6E7C87B52DAE5E73000D3393 /* SingletonClass.swift */,
				6E7C87B62DAE5E73000D3393 /* TabBarController.storyboard */,
				6E7C87B72DAE5E73000D3393 /* UserConfigViewController.swift */,
				6E7C87B82DAE5E73000D3393 /* ViewController.swift */,
			);
			path = handmadeCalenderSampleOfSwift;
			sourceTree = "<group>";
		};
		DEA538A01A2A0AE30092DCBA /* Supporting Files */ = {
			isa = PBXGroup;
			children = (
				DEA538A11A2A0AE30092DCBA /* Info.plist */,
			);
			name = "Supporting Files";
			sourceTree = "<group>";
		};
		DEA538B51A2A0AE40092DCBA /* handmadeCalenderSampleOfSwiftTests */ = {
			isa = PBXGroup;
			children = (
				DEA538B81A2A0AE40092DCBA /* handmadeCalenderSampleOfSwiftTests.swift */,
				DEA538B61A2A0AE40092DCBA /* Supporting Files */,
			);
			path = handmadeCalenderSampleOfSwiftTests;
			sourceTree = "<group>";
		};
		DEA538B61A2A0AE40092DCBA /* Supporting Files */ = {
			isa = PBXGroup;
			children = (
				DEA538B71A2A0AE40092DCBA /* Info.plist */,
			);
			name = "Supporting Files";
			sourceTree = "<group>";
		};
/* End PBXGroup section */

/* Begin PBXNativeTarget section */
		DEA5389C1A2A0AE30092DCBA /* handmadeCalenderSampleOfSwift */ = {
			isa = PBXNativeTarget;
			buildConfigurationList = DEA538BC1A2A0AE40092DCBA /* Build configuration list for PBXNativeTarget "handmadeCalenderSampleOfSwift" */;
			buildPhases = (
				DEA538991A2A0AE30092DCBA /* Sources */,
				DEA5389A1A2A0AE30092DCBA /* Frameworks */,
				DEA5389B1A2A0AE30092DCBA /* Resources */,
			);
			buildRules = (
			);
			dependencies = (
			);
			name = handmadeCalenderSampleOfSwift;
			productName = handmadeCalenderSampleOfSwift;
			productReference = DEA5389D1A2A0AE30092DCBA /* handmadeCalenderSampleOfSwift.app */;
			productType = "com.apple.product-type.application";
		};
		DEA538B11A2A0AE40092DCBA /* handmadeCalenderSampleOfSwiftTests */ = {
			isa = PBXNativeTarget;
			buildConfigurationList = DEA538BF1A2A0AE40092DCBA /* Build configuration list for PBXNativeTarget "handmadeCalenderSampleOfSwiftTests" */;
			buildPhases = (
				DEA538AE1A2A0AE40092DCBA /* Sources */,
				DEA538AF1A2A0AE40092DCBA /* Frameworks */,
				DEA538B01A2A0AE40092DCBA /* Resources */,
			);
			buildRules = (
			);
			dependencies = (
				DEA538B41A2A0AE40092DCBA /* PBXTargetDependency */,
			);
			name = handmadeCalenderSampleOfSwiftTests;
			productName = handmadeCalenderSampleOfSwiftTests;
			productReference = DEA538B21A2A0AE40092DCBA /* handmadeCalenderSampleOfSwiftTests.xctest */;
			productType = "com.apple.product-type.bundle.unit-test";
		};
/* End PBXNativeTarget section */

/* Begin PBXProject section */
		DEA538951A2A0AE30092DCBA /* Project object */ = {
			isa = PBXProject;
			attributes = {
				LastUpgradeCheck = 1250;
				ORGANIZATIONNAME = just1factory;
				TargetAttributes = {
					DEA5389C1A2A0AE30092DCBA = {
						CreatedOnToolsVersion = 6.1;
					};
					DEA538B11A2A0AE40092DCBA = {
						CreatedOnToolsVersion = 6.1;
						TestTargetID = DEA5389C1A2A0AE30092DCBA;
					};
				};
			};
			buildConfigurationList = DEA538981A2A0AE30092DCBA /* Build configuration list for PBXProject "handmadeCalenderSampleOfSwift" */;
			compatibilityVersion = "Xcode 3.2";
			developmentRegion = en;
			hasScannedForEncodings = 0;
			knownRegions = (
				en,
				Base,
			);
			mainGroup = DEA538941A2A0AE30092DCBA;
			productRefGroup = DEA5389E1A2A0AE30092DCBA /* Products */;
			projectDirPath = "";
			projectRoot = "";
			targets = (
				DEA5389C1A2A0AE30092DCBA /* handmadeCalenderSampleOfSwift */,
				DEA538B11A2A0AE40092DCBA /* handmadeCalenderSampleOfSwiftTests */,
			);
		};
/* End PBXProject section */

/* Begin PBXResourcesBuildPhase section */
		DEA5389B1A2A0AE30092DCBA /* Resources */ = {
			isa = PBXResourcesBuildPhase;
			buildActionMask = 2147483647;
			files = (
				6E7C87B92DAE5E73000D3393 /* moon10_90x90@2x.png in Resources */,
				6E7C87BA2DAE5E73000D3393 /* moon23@2x.png in Resources */,
				6E7C87BB2DAE5E73000D3393 /* moon23_90x90.png in Resources */,
				6E7C87BC2DAE5E73000D3393 /* moon25_90x90.png in Resources */,
				6E7C87BD2DAE5E73000D3393 /* moon12@2x.png in Resources */,
				6E7C87BE2DAE5E73000D3393 /* moon9.png in Resources */,
				6E7C87BF2DAE5E73000D3393 /* moon22_90x90.png in Resources */,
				6E7C87C02DAE5E73000D3393 /* moon6@3x.png in Resources */,
				6E7C87C12DAE5E73000D3393 /* moon14.png in Resources */,
				6E7C87C22DAE5E73000D3393 /* moon11@3x.png in Resources */,
				6E7C87C32DAE5E73000D3393 /* moon29.png in Resources */,
				6E7C87C42DAE5E73000D3393 /* moon21_90x90@2x.png in Resources */,
				6E7C87C52DAE5E73000D3393 /* moon13@2x.png in Resources */,
				6E7C87C62DAE5E73000D3393 /* moon13.png in Resources */,
				6E7C87C72DAE5E73000D3393 /* moon26-2@2x.png in Resources */,
				6E7C87C82DAE5E73000D3393 /* moon27@3x.png in Resources */,
				6E7C87C92DAE5E73000D3393 /* moon2_90x90.png in Resources */,
				6E7C87CA2DAE5E73000D3393 /* moon22_90x90@2x.png in Resources */,
				6E7C87CB2DAE5E73000D3393 /* moon28_90x90@2x.png in Resources */,
				6E7C87CC2DAE5E73000D3393 /* moon23.png in Resources */,
				6E7C87CD2DAE5E73000D3393 /* moon9@3x.png in Resources */,
				6E7C87CE2DAE5E73000D3393 /* moon24@3x.png in Resources */,
				6E7C87CF2DAE5E73000D3393 /* moon7@2x.png in Resources */,
				6E7C87D02DAE5E73000D3393 /* moon8.png in Resources */,
				6E7C87D12DAE5E73000D3393 /* moon15_90x90.png in Resources */,
				6E7C87D22DAE5E73000D3393 /* Images.xcassets in Resources */,
				6E7C87D32DAE5E73000D3393 /* moon5_90x90@2x.png in Resources */,
				6E7C87D42DAE5E73000D3393 /* moon8@2x.png in Resources */,
				6E7C87D52DAE5E73000D3393 /* moon1@3x.png in Resources */,
				6E7C87D62DAE5E73000D3393 /* moon5@3x.png in Resources */,
				6E7C87D72DAE5E73000D3393 /* moon14_90x90@2x.png in Resources */,
				6E7C87D82DAE5E73000D3393 /* moon22@3x.png in Resources */,
				6E7C87D92DAE5E73000D3393 /* moon3@2x.png in Resources */,
				6E7C87DA2DAE5E73000D3393 /* moon3_90x90@2x.png in Resources */,
				6E7C87DB2DAE5E73000D3393 /* moon26_90x90.png in Resources */,
				6E7C87DC2DAE5E73000D3393 /* moon23@3x.png in Resources */,
				6E7C87DD2DAE5E73000D3393 /* moon11.png in Resources */,
				6E7C87DE2DAE5E73000D3393 /* moon2_90x90@2x.png in Resources */,
				6E7C87DF2DAE5E73000D3393 /* moon2.png in Resources */,
				6E7C87E02DAE5E73000D3393 /* moon27_90x90.png in Resources */,
				6E7C87E12DAE5E73000D3393 /* moon27_90x90@2x.png in Resources */,
				6E7C87E22DAE5E73000D3393 /* moon15@3x.png in Resources */,
				6E7C87E32DAE5E73000D3393 /* moon21@3x.png in Resources */,
				6E7C87E42DAE5E73000D3393 /* moon27@2x.png in Resources */,
				6E7C87E52DAE5E73000D3393 /* moon3.png in Resources */,
				6E7C87E62DAE5E73000D3393 /* moon10@3x.png in Resources */,
				6E7C87E72DAE5E73000D3393 /* moon7_90x90@2x.png in Resources */,
				6E7C87E82DAE5E73000D3393 /* moon11@2x.png in Resources */,
				6E7C87E92DAE5E73000D3393 /* moon26-2@3x.png in Resources */,
				6E7C87EA2DAE5E73000D3393 /* moon4.png in Resources */,
				6E7C87EB2DAE5E73000D3393 /* moon4@2x.png in Resources */,
				6E7C87EC2DAE5E73000D3393 /* moon26.png in Resources */,
				6E7C87ED2DAE5E73000D3393 /* moon14_90x90.png in Resources */,
				6E7C87EE2DAE5E73000D3393 /* moon6.png in Resources */,
				6E7C87EF2DAE5E73000D3393 /* moon24@2x.png in Resources */,
				6E7C87F02DAE5E73000D3393 /* moon5_90x90.png in Resources */,
				6E7C87F12DAE5E73000D3393 /* moon4@3x.png in Resources */,
				6E7C87F22DAE5E73000D3393 /* moon9@2x.png in Resources */,
				6E7C87F32DAE5E73000D3393 /* moon28_90x90.png in Resources */,
				6E7C87F42DAE5E73000D3393 /* moon2@2x.png in Resources */,
				6E7C87F52DAE5E73000D3393 /* moon17@2x.png in Resources */,
				6E7C87F62DAE5E73000D3393 /* moon11_90x90.png in Resources */,
				6E7C87F72DAE5E73000D3393 /* moon20@3x.png in Resources */,
				6E7C87F82DAE5E73000D3393 /* moon12_90x90@2x.png in Resources */,
				6E7C87F92DAE5E73000D3393 /* moon10@2x.png in Resources */,
				6E7C87FA2DAE5E73000D3393 /* moon8@3x.png in Resources */,
				6E7C87FB2DAE5E73000D3393 /* moon20_90x90@2x.png in Resources */,
				6E7C87FC2DAE5E73000D3393 /* moon16_90x90@2x.png in Resources */,
				6E7C87FD2DAE5E73000D3393 /* moon26@2x.png in Resources */,
				6E7C87FE2DAE5E73000D3393 /* moon7.png in Resources */,
				6E7C87FF2DAE5E73000D3393 /* moon22@2x.png in Resources */,
				6E7C88002DAE5E73000D3393 /* moon16.png in Resources */,
				6E7C88012DAE5E73000D3393 /* moon29@2x.png in Resources */,
				6E7C88022DAE5E73000D3393 /* moon1_90x90.png in Resources */,
				6E7C88032DAE5E73000D3393 /* moon12@3x.png in Resources */,
				6E7C88042DAE5E73000D3393 /* moon16@3x.png in Resources */,
				6E7C88052DAE5E73000D3393 /* moon0_90x90@2x.png in Resources */,
				6E7C88062DAE5E73000D3393 /* moon17_90x90@2x.png in Resources */,
				6E7C88072DAE5E73000D3393 /* moon6_90x90@2x.png in Resources */,
				6E7C88082DAE5E73000D3393 /* moon14@2x.png in Resources */,
				6E7C88092DAE5E73000D3393 /* moon0_90x90.png in Resources */,
				6E7C880A2DAE5E73000D3393 /* moon13_90x90@2x.png in Resources */,
				6E7C880B2DAE5E73000D3393 /* moon30@3x.png in Resources */,
				6E7C880C2DAE5E73000D3393 /* moon11_90x90@2x.png in Resources */,
				6E7C880D2DAE5E73000D3393 /* moon15.png in Resources */,
				6E7C880E2DAE5E73000D3393 /* moon26@3x.png in Resources */,
				6E7C880F2DAE5E73000D3393 /* TabBarController.storyboard in Resources */,
				6E7C88102DAE5E73000D3393 /* moon1@2x.png in Resources */,
				6E7C88112DAE5E73000D3393 /* moon17@3x.png in Resources */,
				6E7C88122DAE5E73000D3393 /* moon20_90x90.png in Resources */,
				6E7C88132DAE5E73000D3393 /* moon7@3x.png in Resources */,
				6E7C88142DAE5E73000D3393 /* moon4_90x90@2x.png in Resources */,
				6E7C88152DAE5E73000D3393 /* moon29_90x90.png in Resources */,
				6E7C88162DAE5E73000D3393 /* moon4_90x90.png in Resources */,
				6E7C88172DAE5E73000D3393 /* SecondViewController2.storyboard in Resources */,
				6E7C88182DAE5E73000D3393 /* moon24_90x90.png in Resources */,
				6E7C88192DAE5E73000D3393 /* moon18@3x.png in Resources */,
				6E7C881A2DAE5E73000D3393 /* moon30@2x.png in Resources */,
				6E7C881B2DAE5E73000D3393 /* AncientCalnedar_icon1024_3_p.png in Resources */,
				6E7C881C2DAE5E73000D3393 /* moon8_90x90@2x.png in Resources */,
				6E7C881D2DAE5E73000D3393 /* moon1_90x90@2x.png in Resources */,
				6E7C881E2DAE5E73000D3393 /* moon3@3x.png in Resources */,
				6E7C881F2DAE5E73000D3393 /* moon7_90x90.png in Resources */,
				6E7C88202DAE5E73000D3393 /* moon19@3x.png in Resources */,
				6E7C88212DAE5E73000D3393 /* moon13@3x.png in Resources */,
				6E7C88222DAE5E73000D3393 /* moon29_90x90@2x.png in Resources */,
				6E7C88232DAE5E73000D3393 /* moon24_90x90@2x.png in Resources */,
				6E7C88242DAE5E73000D3393 /* moon5@2x.png in Resources */,
				6E7C88252DAE5E73000D3393 /* moon3_90x90.png in Resources */,
				6E7C88262DAE5E73000D3393 /* moon23_90x90@2x.png in Resources */,
				6E7C88272DAE5E73000D3393 /* moon30_90x90.png in Resources */,
				6E7C88282DAE5E73000D3393 /* SecondViewController.storyboard in Resources */,
				6E7C88292DAE5E73000D3393 /* Main.storyboard in Resources */,
				6E7C882A2DAE5E73000D3393 /* moon19.png in Resources */,
				6E7C882B2DAE5E73000D3393 /* moon19_90x90@2x.png in Resources */,
				6E7C882C2DAE5E73000D3393 /* moon2@3x.png in Resources */,
				6E7C882D2DAE5E73000D3393 /* moon9_90x90@2x.png in Resources */,
				6E7C882E2DAE5E73000D3393 /* moon1.png in Resources */,
				6E7C882F2DAE5E73000D3393 /* moon28.png in Resources */,
				6E7C88302DAE5E73000D3393 /* moon18_90x90@2x.png in Resources */,
				6E7C88322DAE5E73000D3393 /* moon10.png in Resources */,
				6E7C88332DAE5E73000D3393 /* moon18_90x90.png in Resources */,
				6E7C88342DAE5E73000D3393 /* moon13_90x90.png in Resources */,
				6E7C88352DAE5E73000D3393 /* moon22.png in Resources */,
				6E7C88362DAE5E73000D3393 /* moon18@2x.png in Resources */,
				6E7C88372DAE5E73000D3393 /* moon6@2x.png in Resources */,
				6E7C88382DAE5E73000D3393 /* moon9_90x90.png in Resources */,
				6E7C88392DAE5E73000D3393 /* moon20@2x.png in Resources */,
				6E7C883A2DAE5E73000D3393 /* moon14@3x.png in Resources */,
				6E7C883B2DAE5E73000D3393 /* moon5.png in Resources */,
				6E7C883C2DAE5E73000D3393 /* moon12_90x90.png in Resources */,
				6E7C883D2DAE5E73000D3393 /* moon16_90x90.png in Resources */,
				6E7C883E2DAE5E73000D3393 /* moon15@2x.png in Resources */,
				6E7C883F2DAE5E73000D3393 /* AncientCalnedar_icon1024_p.png in Resources */,
				6E7C88402DAE5E73000D3393 /* moon25.png in Resources */,
				6E7C88412DAE5E73000D3393 /* moon17.png in Resources */,
				6E7C88422DAE5E73000D3393 /* moon21@2x.png in Resources */,
				6E7C88432DAE5E73000D3393 /* moon19@2x.png in Resources */,
				6E7C88442DAE5E73000D3393 /* moon10_90x90.png in Resources */,
				6E7C88452DAE5E73000D3393 /* moon21_90x90.png in Resources */,
				6E7C88462DAE5E73000D3393 /* moon28@2x.png in Resources */,
				6E7C88472DAE5E73000D3393 /* moon19_90x90.png in Resources */,
				6E7C88482DAE5E73000D3393 /* moon27.png in Resources */,
				6E7C88492DAE5E73000D3393 /* moon25_90x90@2x.png in Resources */,
				6E7C884A2DAE5E73000D3393 /* moon20.png in Resources */,
				6E7C884B2DAE5E73000D3393 /* moon16@2x.png in Resources */,
				6E7C884C2DAE5E73000D3393 /* moon28@3x.png in Resources */,
				6E7C884D2DAE5E73000D3393 /* moon25@3x.png in Resources */,
				6E7C884E2DAE5E73000D3393 /* moon8_90x90.png in Resources */,
				6E7C884F2DAE5E73000D3393 /* moon26_90x90@2x.png in Resources */,
				6E7C88502DAE5E73000D3393 /* moon29@3x.png in Resources */,
				6E7C88512DAE5E73000D3393 /* moon30.png in Resources */,
				6E7C88522DAE5E73000D3393 /* moon18.png in Resources */,
				6E7C88532DAE5E73000D3393 /* LaunchScreen.xib in Resources */,
				6E7C88542DAE5E73000D3393 /* moon25@2x.png in Resources */,
				6E7C88552DAE5E73000D3393 /* moon6_90x90.png in Resources */,
				6E7C88562DAE5E73000D3393 /* moon26-2.png in Resources */,
				6E7C88572DAE5E73000D3393 /* moon17_90x90.png in Resources */,
				6E7C88582DAE5E73000D3393 /* moon15_90x90@2x.png in Resources */,
				6E7C88592DAE5E73000D3393 /* moon21.png in Resources */,
				6E7C885A2DAE5E73000D3393 /* moon30_90x90@2x.png in Resources */,
				6E7C885B2DAE5E73000D3393 /* moon24.png in Resources */,
				6E7C885C2DAE5E73000D3393 /* moon12.png in Resources */,
				DEA538A81A2A0AE40092DCBA /* Main.storyboard in Resources */,
				DEA538AD1A2A0AE40092DCBA /* LaunchScreen.xib in Resources */,
				DEA538AA1A2A0AE40092DCBA /* Images.xcassets in Resources */,
			);
			runOnlyForDeploymentPostprocessing = 0;
		};
		DEA538B01A2A0AE40092DCBA /* Resources */ = {
			isa = PBXResourcesBuildPhase;
			buildActionMask = 2147483647;
			files = (
			);
			runOnlyForDeploymentPostprocessing = 0;
		};
/* End PBXResourcesBuildPhase section */

/* Begin PBXSourcesBuildPhase section */
		DEA538991A2A0AE30092DCBA /* Sources */ = {
			isa = PBXSourcesBuildPhase;
			buildActionMask = 2147483647;
			files = (
				DEA538A51A2A0AE30092DCBA /* ViewController.swift in Sources */,
				6E7C885D2DAE5E73000D3393 /* CalendarView.swift in Sources */,
				6E7C885E2DAE5E73000D3393 /* Constants.swift in Sources */,
				6E7C885F2DAE5E73000D3393 /* SingletonClass.swift in Sources */,
				6E7C88602DAE5E73000D3393 /* AncientCalendarConverter2.swift in Sources */,
				6E7C88612DAE5E73000D3393 /* Designer.swift in Sources */,
				6E7C88622DAE5E73000D3393 /* MyNavigationController.swift in Sources */,
				6E7C88632DAE5E73000D3393 /* DeviseSize.swift in Sources */,
				6E7C88642DAE5E73000D3393 /* FirstViewController.swift in Sources */,
				6E7C88652DAE5E73000D3393 /* AncientCalendarConverter.swift in Sources */,
				6E7C88662DAE5E73000D3393 /* CalendarConverter.swift in Sources */,
				6E7C88672DAE5E73000D3393 /* CalendarChangeViewController.swift in Sources */,
				6E7C88682DAE5E73000D3393 /* CalendarManager.swift in Sources */,
				6E7C88692DAE5E73000D3393 /* SecondViewContoller.swift in Sources */,
				6E7C886A2DAE5E73000D3393 /* ScheduleViewController.swift in Sources */,
				6E7C886B2DAE5E73000D3393 /* Day.swift in Sources */,
				6E7C886C2DAE5E73000D3393 /* CalendarDetailViewController.swift in Sources */,
				6E7C886D2DAE5E73000D3393 /* UserConfigViewController.swift in Sources */,
				6E7C886E2DAE5E73000D3393 /* CustomButton.swift in Sources */,
				6E7C886F2DAE5E73000D3393 /* ViewController.swift in Sources */,
				6E7C88702DAE5E73000D3393 /* CalendarListViewController.swift in Sources */,
				6E7C88712DAE5E73000D3393 /* AppDelegate.swift in Sources */,
				DEA538A31A2A0AE30092DCBA /* AppDelegate.swift in Sources */,
				DE3BE56F1A5EDA2800C49B3C /* DeviseSize.swift in Sources */,
			);
			runOnlyForDeploymentPostprocessing = 0;
		};
		DEA538AE1A2A0AE40092DCBA /* Sources */ = {
			isa = PBXSourcesBuildPhase;
			buildActionMask = 2147483647;
			files = (
				DEA538B91A2A0AE40092DCBA /* handmadeCalenderSampleOfSwiftTests.swift in Sources */,
			);
			runOnlyForDeploymentPostprocessing = 0;
		};
/* End PBXSourcesBuildPhase section */

/* Begin PBXTargetDependency section */
		DEA538B41A2A0AE40092DCBA /* PBXTargetDependency */ = {
			isa = PBXTargetDependency;
			target = DEA5389C1A2A0AE30092DCBA /* handmadeCalenderSampleOfSwift */;
			targetProxy = DEA538B31A2A0AE40092DCBA /* PBXContainerItemProxy */;
		};
/* End PBXTargetDependency section */

/* Begin PBXVariantGroup section */
		6E7C87032DAE5E73000D3393 /* LaunchScreen.xib */ = {
			isa = PBXVariantGroup;
			children = (
				6E7C87022DAE5E73000D3393 /* Base */,
			);
			name = LaunchScreen.xib;
			sourceTree = "<group>";
		};
		6E7C87052DAE5E73000D3393 /* Main.storyboard */ = {
			isa = PBXVariantGroup;
			children = (
				6E7C87042DAE5E73000D3393 /* Base */,
			);
			name = Main.storyboard;
			sourceTree = "<group>";
		};
		DEA538A61A2A0AE40092DCBA /* Main.storyboard */ = {
			isa = PBXVariantGroup;
			children = (
				DEA538A71A2A0AE40092DCBA /* Base */,
			);
			name = Main.storyboard;
			sourceTree = "<group>";
		};
		DEA538AB1A2A0AE40092DCBA /* LaunchScreen.xib */ = {
			isa = PBXVariantGroup;
			children = (
				DEA538AC1A2A0AE40092DCBA /* Base */,
			);
			name = LaunchScreen.xib;
			sourceTree = "<group>";
		};
/* End PBXVariantGroup section */

/* Begin XCBuildConfiguration section */
		DEA538BA1A2A0AE40092DCBA /* Debug */ = {
			isa = XCBuildConfiguration;
			buildSettings = {
				ALWAYS_SEARCH_USER_PATHS = NO;
				CLANG_ANALYZER_LOCALIZABILITY_NONLOCALIZED = YES;
				CLANG_CXX_LANGUAGE_STANDARD = "gnu++0x";
				CLANG_CXX_LIBRARY = "libc++";
				CLANG_ENABLE_MODULES = YES;
				CLANG_ENABLE_OBJC_ARC = YES;
				CLANG_WARN_BLOCK_CAPTURE_AUTORELEASING = YES;
				CLANG_WARN_BOOL_CONVERSION = YES;
				CLANG_WARN_COMMA = YES;
				CLANG_WARN_CONSTANT_CONVERSION = YES;
				CLANG_WARN_DEPRECATED_OBJC_IMPLEMENTATIONS = YES;
				CLANG_WARN_DIRECT_OBJC_ISA_USAGE = YES_ERROR;
				CLANG_WARN_EMPTY_BODY = YES;
				CLANG_WARN_ENUM_CONVERSION = YES;
				CLANG_WARN_INFINITE_RECURSION = YES;
				CLANG_WARN_INT_CONVERSION = YES;
				CLANG_WARN_NON_LITERAL_NULL_CONVERSION = YES;
				CLANG_WARN_OBJC_IMPLICIT_RETAIN_SELF = YES;
				CLANG_WARN_OBJC_LITERAL_CONVERSION = YES;
				CLANG_WARN_OBJC_ROOT_CLASS = YES_ERROR;
				CLANG_WARN_QUOTED_INCLUDE_IN_FRAMEWORK_HEADER = YES;
				CLANG_WARN_RANGE_LOOP_ANALYSIS = YES;
				CLANG_WARN_STRICT_PROTOTYPES = YES;
				CLANG_WARN_SUSPICIOUS_MOVE = YES;
				CLANG_WARN_UNREACHABLE_CODE = YES;
				CLANG_WARN__DUPLICATE_METHOD_MATCH = YES;
				"CODE_SIGN_IDENTITY[sdk=iphoneos*]" = "iPhone Developer";
				COPY_PHASE_STRIP = NO;
				ENABLE_STRICT_OBJC_MSGSEND = YES;
				ENABLE_TESTABILITY = YES;
				GCC_C_LANGUAGE_STANDARD = gnu99;
				GCC_DYNAMIC_NO_PIC = NO;
				GCC_NO_COMMON_BLOCKS = YES;
				GCC_OPTIMIZATION_LEVEL = 0;
				GCC_PREPROCESSOR_DEFINITIONS = (
					"DEBUG=1",
					"$(inherited)",
				);
				GCC_SYMBOLS_PRIVATE_EXTERN = NO;
				GCC_WARN_64_TO_32_BIT_CONVERSION = YES;
				GCC_WARN_ABOUT_RETURN_TYPE = YES_ERROR;
				GCC_WARN_UNDECLARED_SELECTOR = YES;
				GCC_WARN_UNINITIALIZED_AUTOS = YES_AGGRESSIVE;
				GCC_WARN_UNUSED_FUNCTION = YES;
				GCC_WARN_UNUSED_VARIABLE = YES;
				IPHONEOS_DEPLOYMENT_TARGET = 12.0;
				MTL_ENABLE_DEBUG_INFO = YES;
				ONLY_ACTIVE_ARCH = YES;
				SDKROOT = iphoneos;
				SWIFT_OPTIMIZATION_LEVEL = "-Onone";
				SWIFT_VERSION = 4.0;
			};
			name = Debug;
		};
		DEA538BB1A2A0AE40092DCBA /* Release */ = {
			isa = XCBuildConfiguration;
			buildSettings = {
				ALWAYS_SEARCH_USER_PATHS = NO;
				CLANG_ANALYZER_LOCALIZABILITY_NONLOCALIZED = YES;
				CLANG_CXX_LANGUAGE_STANDARD = "gnu++0x";
				CLANG_CXX_LIBRARY = "libc++";
				CLANG_ENABLE_MODULES = YES;
				CLANG_ENABLE_OBJC_ARC = YES;
				CLANG_WARN_BLOCK_CAPTURE_AUTORELEASING = YES;
				CLANG_WARN_BOOL_CONVERSION = YES;
				CLANG_WARN_COMMA = YES;
				CLANG_WARN_CONSTANT_CONVERSION = YES;
				CLANG_WARN_DEPRECATED_OBJC_IMPLEMENTATIONS = YES;
				CLANG_WARN_DIRECT_OBJC_ISA_USAGE = YES_ERROR;
				CLANG_WARN_EMPTY_BODY = YES;
				CLANG_WARN_ENUM_CONVERSION = YES;
				CLANG_WARN_INFINITE_RECURSION = YES;
				CLANG_WARN_INT_CONVERSION = YES;
				CLANG_WARN_NON_LITERAL_NULL_CONVERSION = YES;
				CLANG_WARN_OBJC_IMPLICIT_RETAIN_SELF = YES;
				CLANG_WARN_OBJC_LITERAL_CONVERSION = YES;
				CLANG_WARN_OBJC_ROOT_CLASS = YES_ERROR;
				CLANG_WARN_QUOTED_INCLUDE_IN_FRAMEWORK_HEADER = YES;
				CLANG_WARN_RANGE_LOOP_ANALYSIS = YES;
				CLANG_WARN_STRICT_PROTOTYPES = YES;
				CLANG_WARN_SUSPICIOUS_MOVE = YES;
				CLANG_WARN_UNREACHABLE_CODE = YES;
				CLANG_WARN__DUPLICATE_METHOD_MATCH = YES;
				"CODE_SIGN_IDENTITY[sdk=iphoneos*]" = "iPhone Developer";
				COPY_PHASE_STRIP = YES;
				ENABLE_NS_ASSERTIONS = NO;
				ENABLE_STRICT_OBJC_MSGSEND = YES;
				GCC_C_LANGUAGE_STANDARD = gnu99;
				GCC_NO_COMMON_BLOCKS = YES;
				GCC_WARN_64_TO_32_BIT_CONVERSION = YES;
				GCC_WARN_ABOUT_RETURN_TYPE = YES_ERROR;
				GCC_WARN_UNDECLARED_SELECTOR = YES;
				GCC_WARN_UNINITIALIZED_AUTOS = YES_AGGRESSIVE;
				GCC_WARN_UNUSED_FUNCTION = YES;
				GCC_WARN_UNUSED_VARIABLE = YES;
				IPHONEOS_DEPLOYMENT_TARGET = 12.0;
				MTL_ENABLE_DEBUG_INFO = NO;
				SDKROOT = iphoneos;
				SWIFT_COMPILATION_MODE = wholemodule;
				SWIFT_VERSION = 4.0;
				VALIDATE_PRODUCT = YES;
			};
			name = Release;
		};
		DEA538BD1A2A0AE40092DCBA /* Debug */ = {
			isa = XCBuildConfiguration;
			buildSettings = {
				ASSETCATALOG_COMPILER_APPICON_NAME = AppIcon;
				INFOPLIST_FILE = handmadeCalenderSampleOfSwift/Info.plist;
				LD_RUNPATH_SEARCH_PATHS = "$(inherited) @executable_path/Frameworks";
				PRODUCT_NAME = "$(TARGET_NAME)";
			};
			name = Debug;
		};
		DEA538BE1A2A0AE40092DCBA /* Release */ = {
			isa = XCBuildConfiguration;
			buildSettings = {
				ASSETCATALOG_COMPILER_APPICON_NAME = AppIcon;
				INFOPLIST_FILE = handmadeCalenderSampleOfSwift/Info.plist;
				LD_RUNPATH_SEARCH_PATHS = "$(inherited) @executable_path/Frameworks";
				PRODUCT_NAME = "$(TARGET_NAME)";
			};
			name = Release;
		};
		DEA538C01A2A0AE40092DCBA /* Debug */ = {
			isa = XCBuildConfiguration;
			buildSettings = {
				BUNDLE_LOADER = "$(TEST_HOST)";
				FRAMEWORK_SEARCH_PATHS = (
					"$(SDKROOT)/Developer/Library/Frameworks",
					"$(inherited)",
				);
				GCC_PREPROCESSOR_DEFINITIONS = (
					"DEBUG=1",
					"$(inherited)",
				);
				INFOPLIST_FILE = handmadeCalenderSampleOfSwiftTests/Info.plist;
				LD_RUNPATH_SEARCH_PATHS = "$(inherited) @executable_path/Frameworks @loader_path/Frameworks";
				PRODUCT_NAME = "$(TARGET_NAME)";
				TEST_HOST = "$(BUILT_PRODUCTS_DIR)/handmadeCalenderSampleOfSwift.app/handmadeCalenderSampleOfSwift";
			};
			name = Debug;
		};
		DEA538C11A2A0AE40092DCBA /* Release */ = {
			isa = XCBuildConfiguration;
			buildSettings = {
				BUNDLE_LOADER = "$(TEST_HOST)";
				FRAMEWORK_SEARCH_PATHS = (
					"$(SDKROOT)/Developer/Library/Frameworks",
					"$(inherited)",
				);
				INFOPLIST_FILE = handmadeCalenderSampleOfSwiftTests/Info.plist;
				LD_RUNPATH_SEARCH_PATHS = "$(inherited) @executable_path/Frameworks @loader_path/Frameworks";
				PRODUCT_NAME = "$(TARGET_NAME)";
				TEST_HOST = "$(BUILT_PRODUCTS_DIR)/handmadeCalenderSampleOfSwift.app/handmadeCalenderSampleOfSwift";
			};
			name = Release;
		};
/* End XCBuildConfiguration section */

/* Begin XCConfigurationList section */
		DEA538981A2A0AE30092DCBA /* Build configuration list for PBXProject "handmadeCalenderSampleOfSwift" */ = {
			isa = XCConfigurationList;
			buildConfigurations = (
				DEA538BA1A2A0AE40092DCBA /* Debug */,
				DEA538BB1A2A0AE40092DCBA /* Release */,
			);
			defaultConfigurationIsVisible = 0;
			defaultConfigurationName = Release;
		};
		DEA538BC1A2A0AE40092DCBA /* Build configuration list for PBXNativeTarget "handmadeCalenderSampleOfSwift" */ = {
			isa = XCConfigurationList;
			buildConfigurations = (
				DEA538BD1A2A0AE40092DCBA /* Debug */,
				DEA538BE1A2A0AE40092DCBA /* Release */,
			);
			defaultConfigurationIsVisible = 0;
			defaultConfigurationName = Release;
		};
		DEA538BF1A2A0AE40092DCBA /* Build configuration list for PBXNativeTarget "handmadeCalenderSampleOfSwiftTests" */ = {
			isa = XCConfigurationList;
			buildConfigurations = (
				DEA538C01A2A0AE40092DCBA /* Debug */,
				DEA538C11A2A0AE40092DCBA /* Release */,
			);
			defaultConfigurationIsVisible = 0;
			defaultConfigurationName = Release;
		};
/* End XCConfigurationList section */
	};
	rootObject = DEA538951A2A0AE30092DCBA /* Project object */;
}
